lockfileVersion: '9.0'

settings:
  autoInstallPeers: true
  excludeLinksFromLockfile: false

importers:

  .:
    devDependencies:
      husky:
        specifier: ^9.1.4
        version: 9.1.4

packages:

  husky@9.1.4:
    resolution: {integrity: sha512-bho94YyReb4JV7LYWRWxZ/xr6TtOTt8cMfmQ39MQYJ7f/YE268s3GdghGwi+y4zAeqewE5zYLvuhV0M0ijsDEA==}
    engines: {node: '>=18'}
    hasBin: true

snapshots:

  husky@9.1.4: {}
