{
  "name": "simple-project",
  "version": "1.0.0",
  "lockfileVersion": 3,
  "requires": true,
  "packages": {
    "": {
      "name": "simple-project",
      "version": "1.0.0",
      "workspaces": [
        "packages/*"
      ]
    },
    "node_modules/simple-project-pkg-a": {
      "resolved": "packages/pkg-a",
      "link": true
    },
    "node_modules/simple-project-pkg-b": {
      "resolved": "packages/pkg-b",
      "link": true
    },
    "packages/pkg-a": {
      "name": "simple-project-pkg-a",
      "version": "1.0.0",
      "dependencies": {
        "simple-project-pkg-b": "1.0.0"
      }
    },
    "packages/pkg-b": {
      "name": "simple-project-pkg-b",
      "version": "1.0.0"
    }
  }
}
