lockfileVersion: '9.0'

settings:
  autoInstallPeers: true
  excludeLinksFromLockfile: false

importers:

  .:
    devDependencies:
      '@aws-sdk/client-s3':
        specifier: ^3.738.0
        version: 3.738.0
      '@playwright/test':
        specifier: ^1.48.2
        version: 1.48.2
      '@types/json2md':
        specifier: ^1.5.4
        version: 1.5.4
      '@types/node':
        specifier: ^22.8.4
        version: 22.8.4
      dotenv:
        specifier: ^16.4.5
        version: 16.4.5
      json2md:
        specifier: ^2.0.1
        version: 2.0.1

packages:

  '@aws-crypto/crc32@5.2.0':
    resolution: {integrity: sha512-nLbCWqQNgUiwwtFsen1AdzAtvuLRsQS8rYgMuxCrdKf9kOssamGLuPwyTY9wyYblNr9+1XM8v6zoDTPPSIeANg==}
    engines: {node: '>=16.0.0'}

  '@aws-crypto/crc32c@5.2.0':
    resolution: {integrity: sha512-+iWb8qaHLYKrNvGRbiYRHSdKRWhto5XlZUEBwDjYNf+ly5SVYG6zEoYIdxvf5R3zyeP16w4PLBn3rH1xc74Rag==}

  '@aws-crypto/sha1-browser@5.2.0':
    resolution: {integrity: sha512-OH6lveCFfcDjX4dbAvCFSYUjJZjDr/3XJ3xHtjn3Oj5b9RjojQo8npoLeA/bNwkOkrSQ0wgrHzXk4tDRxGKJeg==}

  '@aws-crypto/sha256-browser@5.2.0':
    resolution: {integrity: sha512-AXfN/lGotSQwu6HNcEsIASo7kWXZ5HYWvfOmSNKDsEqC4OashTp8alTmaz+F7TC2L083SFv5RdB+qU3Vs1kZqw==}

  '@aws-crypto/sha256-js@5.2.0':
    resolution: {integrity: sha512-FFQQyu7edu4ufvIZ+OadFpHHOt+eSTBaYaki44c+akjg7qZg9oOQeLlk77F6tSYqjDAFClrHJk9tMf0HdVyOvA==}
    engines: {node: '>=16.0.0'}

  '@aws-crypto/supports-web-crypto@5.2.0':
    resolution: {integrity: sha512-iAvUotm021kM33eCdNfwIN//F77/IADDSs58i+MDaOqFrVjZo9bAal0NK7HurRuWLLpF1iLX7gbWrjHjeo+YFg==}

  '@aws-crypto/util@5.2.0':
    resolution: {integrity: sha512-4RkU9EsI6ZpBve5fseQlGNUWKMa1RLPQ1dnjnQoe07ldfIzcsGb5hC5W0Dm7u423KWzawlrpbjXBrXCEv9zazQ==}

  '@aws-sdk/client-s3@3.738.0':
    resolution: {integrity: sha512-1Im/p5yfoV15ydVY+QlffsWQkQm7iGVI+3V9tCHEUT6SdmukYEpN3G8Y+lWofRBidxzUE2Xd+MbChCXfzLAoAg==}
    engines: {node: '>=18.0.0'}

  '@aws-sdk/client-sso@3.734.0':
    resolution: {integrity: sha512-oerepp0mut9VlgTwnG5Ds/lb0C0b2/rQ+hL/rF6q+HGKPfGsCuPvFx1GtwGKCXd49ase88/jVgrhcA9OQbz3kg==}
    engines: {node: '>=18.0.0'}

  '@aws-sdk/core@3.734.0':
    resolution: {integrity: sha512-SxnDqf3vobdm50OLyAKfqZetv6zzwnSqwIwd3jrbopxxHKqNIM/I0xcYjD6Tn+mPig+u7iRKb9q3QnEooFTlmg==}
    engines: {node: '>=18.0.0'}

  '@aws-sdk/credential-provider-env@3.734.0':
    resolution: {integrity: sha512-gtRkzYTGafnm1FPpiNO8VBmJrYMoxhDlGPYDVcijzx3DlF8dhWnowuSBCxLSi+MJMx5hvwrX2A+e/q0QAeHqmw==}
    engines: {node: '>=18.0.0'}

  '@aws-sdk/credential-provider-http@3.734.0':
    resolution: {integrity: sha512-JFSL6xhONsq+hKM8xroIPhM5/FOhiQ1cov0lZxhzZWj6Ai3UAjucy3zyIFDr9MgP1KfCYNdvyaUq9/o+HWvEDg==}
    engines: {node: '>=18.0.0'}

  '@aws-sdk/credential-provider-ini@3.734.0':
    resolution: {integrity: sha512-HEyaM/hWI7dNmb4NhdlcDLcgJvrilk8G4DQX6qz0i4pBZGC2l4iffuqP8K6ZQjUfz5/6894PzeFuhTORAMd+cg==}
    engines: {node: '>=18.0.0'}

  '@aws-sdk/credential-provider-node@3.738.0':
    resolution: {integrity: sha512-3MuREsazwBxghKb2sQQHvie+uuK4dX4/ckFYiSoffzJQd0YHxaGxf8cr4NOSCQCUesWu8D3Y0SzlnHGboVSkpA==}
    engines: {node: '>=18.0.0'}

  '@aws-sdk/credential-provider-process@3.734.0':
    resolution: {integrity: sha512-zvjsUo+bkYn2vjT+EtLWu3eD6me+uun+Hws1IyWej/fKFAqiBPwyeyCgU7qjkiPQSXqk1U9+/HG9IQ6Iiz+eBw==}
    engines: {node: '>=18.0.0'}

  '@aws-sdk/credential-provider-sso@3.734.0':
    resolution: {integrity: sha512-cCwwcgUBJOsV/ddyh1OGb4gKYWEaTeTsqaAK19hiNINfYV/DO9r4RMlnWAo84sSBfJuj9shUNsxzyoe6K7R92Q==}
    engines: {node: '>=18.0.0'}

  '@aws-sdk/credential-provider-web-identity@3.734.0':
    resolution: {integrity: sha512-t4OSOerc+ppK541/Iyn1AS40+2vT/qE+MFMotFkhCgCJbApeRF2ozEdnDN6tGmnl4ybcUuxnp9JWLjwDVlR/4g==}
    engines: {node: '>=18.0.0'}

  '@aws-sdk/middleware-bucket-endpoint@3.734.0':
    resolution: {integrity: sha512-etC7G18aF7KdZguW27GE/wpbrNmYLVT755EsFc8kXpZj8D6AFKxc7OuveinJmiy0bYXAMspJUWsF6CrGpOw6CQ==}
    engines: {node: '>=18.0.0'}

  '@aws-sdk/middleware-expect-continue@3.734.0':
    resolution: {integrity: sha512-P38/v1l6HjuB2aFUewt7ueAW5IvKkFcv5dalPtbMGRhLeyivBOHwbCyuRKgVs7z7ClTpu9EaViEGki2jEQqEsQ==}
    engines: {node: '>=18.0.0'}

  '@aws-sdk/middleware-flexible-checksums@3.735.0':
    resolution: {integrity: sha512-Tx7lYTPwQFRe/wQEHMR6Drh/S+X0ToAEq1Ava9QyxV1riwtepzRLojpNDELFb3YQVVYbX7FEiBMCJLMkmIIY+A==}
    engines: {node: '>=18.0.0'}

  '@aws-sdk/middleware-host-header@3.734.0':
    resolution: {integrity: sha512-LW7RRgSOHHBzWZnigNsDIzu3AiwtjeI2X66v+Wn1P1u+eXssy1+up4ZY/h+t2sU4LU36UvEf+jrZti9c6vRnFw==}
    engines: {node: '>=18.0.0'}

  '@aws-sdk/middleware-location-constraint@3.734.0':
    resolution: {integrity: sha512-EJEIXwCQhto/cBfHdm3ZOeLxd2NlJD+X2F+ZTOxzokuhBtY0IONfC/91hOo5tWQweerojwshSMHRCKzRv1tlwg==}
    engines: {node: '>=18.0.0'}

  '@aws-sdk/middleware-logger@3.734.0':
    resolution: {integrity: sha512-mUMFITpJUW3LcKvFok176eI5zXAUomVtahb9IQBwLzkqFYOrMJvWAvoV4yuxrJ8TlQBG8gyEnkb9SnhZvjg67w==}
    engines: {node: '>=18.0.0'}

  '@aws-sdk/middleware-recursion-detection@3.734.0':
    resolution: {integrity: sha512-CUat2d9ITsFc2XsmeiRQO96iWpxSKYFjxvj27Hc7vo87YUHRnfMfnc8jw1EpxEwMcvBD7LsRa6vDNky6AjcrFA==}
    engines: {node: '>=18.0.0'}

  '@aws-sdk/middleware-sdk-s3@3.734.0':
    resolution: {integrity: sha512-zeZPenDhkP/RXYMFG3exhNOe2Qukg2l2KpIjxq9o66meELiTULoIXjCmgPoWcM8zzrue06SBdTsaJDHfDl2vdA==}
    engines: {node: '>=18.0.0'}

  '@aws-sdk/middleware-ssec@3.734.0':
    resolution: {integrity: sha512-d4yd1RrPW/sspEXizq2NSOUivnheac6LPeLSLnaeTbBG9g1KqIqvCzP1TfXEqv2CrWfHEsWtJpX7oyjySSPvDQ==}
    engines: {node: '>=18.0.0'}

  '@aws-sdk/middleware-user-agent@3.734.0':
    resolution: {integrity: sha512-MFVzLWRkfFz02GqGPjqSOteLe5kPfElUrXZft1eElnqulqs6RJfVSpOV7mO90gu293tNAeggMWAVSGRPKIYVMg==}
    engines: {node: '>=18.0.0'}

  '@aws-sdk/nested-clients@3.734.0':
    resolution: {integrity: sha512-iph2XUy8UzIfdJFWo1r0Zng9uWj3253yvW9gljhtu+y/LNmNvSnJxQk1f3D2BC5WmcoPZqTS3UsycT3mLPSzWA==}
    engines: {node: '>=18.0.0'}

  '@aws-sdk/region-config-resolver@3.734.0':
    resolution: {integrity: sha512-Lvj1kPRC5IuJBr9DyJ9T9/plkh+EfKLy+12s/mykOy1JaKHDpvj+XGy2YO6YgYVOb8JFtaqloid+5COtje4JTQ==}
    engines: {node: '>=18.0.0'}

  '@aws-sdk/signature-v4-multi-region@3.734.0':
    resolution: {integrity: sha512-GSRP8UH30RIYkcpPILV4pWrKFjRmmNjtUd41HTKWde5GbjJvNYpxqFXw2aIJHjKTw/js3XEtGSNeTaQMVVt3CQ==}
    engines: {node: '>=18.0.0'}

  '@aws-sdk/token-providers@3.734.0':
    resolution: {integrity: sha512-2U6yWKrjWjZO8Y5SHQxkFvMVWHQWbS0ufqfAIBROqmIZNubOL7jXCiVdEFekz6MZ9LF2tvYGnOW4jX8OKDGfIw==}
    engines: {node: '>=18.0.0'}

  '@aws-sdk/types@3.734.0':
    resolution: {integrity: sha512-o11tSPTT70nAkGV1fN9wm/hAIiLPyWX6SuGf+9JyTp7S/rC2cFWhR26MvA69nplcjNaXVzB0f+QFrLXXjOqCrg==}
    engines: {node: '>=18.0.0'}

  '@aws-sdk/util-arn-parser@3.723.0':
    resolution: {integrity: sha512-ZhEfvUwNliOQROcAk34WJWVYTlTa4694kSVhDSjW6lE1bMataPnIN8A0ycukEzBXmd8ZSoBcQLn6lKGl7XIJ5w==}
    engines: {node: '>=18.0.0'}

  '@aws-sdk/util-endpoints@3.734.0':
    resolution: {integrity: sha512-w2+/E88NUbqql6uCVAsmMxDQKu7vsKV0KqhlQb0lL+RCq4zy07yXYptVNs13qrnuTfyX7uPXkXrlugvK9R1Ucg==}
    engines: {node: '>=18.0.0'}

  '@aws-sdk/util-locate-window@3.723.0':
    resolution: {integrity: sha512-Yf2CS10BqK688DRsrKI/EO6B8ff5J86NXe4C+VCysK7UOgN0l1zOTeTukZ3H8Q9tYYX3oaF1961o8vRkFm7Nmw==}
    engines: {node: '>=18.0.0'}

  '@aws-sdk/util-user-agent-browser@3.734.0':
    resolution: {integrity: sha512-xQTCus6Q9LwUuALW+S76OL0jcWtMOVu14q+GoLnWPUM7QeUw963oQcLhF7oq0CtaLLKyl4GOUfcwc773Zmwwng==}

  '@aws-sdk/util-user-agent-node@3.734.0':
    resolution: {integrity: sha512-c6Iinh+RVQKs6jYUFQ64htOU2HUXFQ3TVx+8Tu3EDF19+9vzWi9UukhIMH9rqyyEXIAkk9XL7avt8y2Uyw2dGA==}
    engines: {node: '>=18.0.0'}
    peerDependencies:
      aws-crt: '>=1.0.0'
    peerDependenciesMeta:
      aws-crt:
        optional: true

  '@aws-sdk/xml-builder@3.734.0':
    resolution: {integrity: sha512-Zrjxi5qwGEcUsJ0ru7fRtW74WcTS0rbLcehoFB+rN1GRi2hbLcFaYs4PwVA5diLeAJH0gszv3x4Hr/S87MfbKQ==}
    engines: {node: '>=18.0.0'}

  '@playwright/test@1.48.2':
    resolution: {integrity: sha512-54w1xCWfXuax7dz4W2M9uw0gDyh+ti/0K/MxcCUxChFh37kkdxPdfZDw5QBbuPUJHr1CiHJ1hXgSs+GgeQc5Zw==}
    engines: {node: '>=18'}
    hasBin: true

  '@smithy/abort-controller@4.0.1':
    resolution: {integrity: sha512-fiUIYgIgRjMWznk6iLJz35K2YxSLHzLBA/RC6lBrKfQ8fHbPfvk7Pk9UvpKoHgJjI18MnbPuEju53zcVy6KF1g==}
    engines: {node: '>=18.0.0'}

  '@smithy/chunked-blob-reader-native@4.0.0':
    resolution: {integrity: sha512-R9wM2yPmfEMsUmlMlIgSzOyICs0x9uu7UTHoccMyt7BWw8shcGM8HqB355+BZCPBcySvbTYMs62EgEQkNxz2ig==}
    engines: {node: '>=18.0.0'}

  '@smithy/chunked-blob-reader@5.0.0':
    resolution: {integrity: sha512-+sKqDBQqb036hh4NPaUiEkYFkTUGYzRsn3EuFhyfQfMy6oGHEUJDurLP9Ufb5dasr/XiAmPNMr6wa9afjQB+Gw==}
    engines: {node: '>=18.0.0'}

  '@smithy/config-resolver@4.0.1':
    resolution: {integrity: sha512-Igfg8lKu3dRVkTSEm98QpZUvKEOa71jDX4vKRcvJVyRc3UgN3j7vFMf0s7xLQhYmKa8kyJGQgUJDOV5V3neVlQ==}
    engines: {node: '>=18.0.0'}

  '@smithy/core@3.1.2':
    resolution: {integrity: sha512-htwQXkbdF13uwwDevz9BEzL5ABK+1sJpVQXywwGSH973AVOvisHNfpcB8A8761G6XgHoS2kHPqc9DqHJ2gp+/Q==}
    engines: {node: '>=18.0.0'}

  '@smithy/credential-provider-imds@4.0.1':
    resolution: {integrity: sha512-l/qdInaDq1Zpznpmev/+52QomsJNZ3JkTl5yrTl02V6NBgJOQ4LY0SFw/8zsMwj3tLe8vqiIuwF6nxaEwgf6mg==}
    engines: {node: '>=18.0.0'}

  '@smithy/eventstream-codec@4.0.1':
    resolution: {integrity: sha512-Q2bCAAR6zXNVtJgifsU16ZjKGqdw/DyecKNgIgi7dlqw04fqDu0mnq+JmGphqheypVc64CYq3azSuCpAdFk2+A==}
    engines: {node: '>=18.0.0'}

  '@smithy/eventstream-serde-browser@4.0.1':
    resolution: {integrity: sha512-HbIybmz5rhNg+zxKiyVAnvdM3vkzjE6ccrJ620iPL8IXcJEntd3hnBl+ktMwIy12Te/kyrSbUb8UCdnUT4QEdA==}
    engines: {node: '>=18.0.0'}

  '@smithy/eventstream-serde-config-resolver@4.0.1':
    resolution: {integrity: sha512-lSipaiq3rmHguHa3QFF4YcCM3VJOrY9oq2sow3qlhFY+nBSTF/nrO82MUQRPrxHQXA58J5G1UnU2WuJfi465BA==}
    engines: {node: '>=18.0.0'}

  '@smithy/eventstream-serde-node@4.0.1':
    resolution: {integrity: sha512-o4CoOI6oYGYJ4zXo34U8X9szDe3oGjmHgsMGiZM0j4vtNoT+h80TLnkUcrLZR3+E6HIxqW+G+9WHAVfl0GXK0Q==}
    engines: {node: '>=18.0.0'}

  '@smithy/eventstream-serde-universal@4.0.1':
    resolution: {integrity: sha512-Z94uZp0tGJuxds3iEAZBqGU2QiaBHP4YytLUjwZWx+oUeohCsLyUm33yp4MMBmhkuPqSbQCXq5hDet6JGUgHWA==}
    engines: {node: '>=18.0.0'}

  '@smithy/fetch-http-handler@5.0.1':
    resolution: {integrity: sha512-3aS+fP28urrMW2KTjb6z9iFow6jO8n3MFfineGbndvzGZit3taZhKWtTorf+Gp5RpFDDafeHlhfsGlDCXvUnJA==}
    engines: {node: '>=18.0.0'}

  '@smithy/hash-blob-browser@4.0.1':
    resolution: {integrity: sha512-rkFIrQOKZGS6i1D3gKJ8skJ0RlXqDvb1IyAphksaFOMzkn3v3I1eJ8m7OkLj0jf1McP63rcCEoLlkAn/HjcTRw==}
    engines: {node: '>=18.0.0'}

  '@smithy/hash-node@4.0.1':
    resolution: {integrity: sha512-TJ6oZS+3r2Xu4emVse1YPB3Dq3d8RkZDKcPr71Nj/lJsdAP1c7oFzYqEn1IBc915TsgLl2xIJNuxCz+gLbLE0w==}
    engines: {node: '>=18.0.0'}

  '@smithy/hash-stream-node@4.0.1':
    resolution: {integrity: sha512-U1rAE1fxmReCIr6D2o/4ROqAQX+GffZpyMt3d7njtGDr2pUNmAKRWa49gsNVhCh2vVAuf3wXzWwNr2YN8PAXIw==}
    engines: {node: '>=18.0.0'}

  '@smithy/invalid-dependency@4.0.1':
    resolution: {integrity: sha512-gdudFPf4QRQ5pzj7HEnu6FhKRi61BfH/Gk5Yf6O0KiSbr1LlVhgjThcvjdu658VE6Nve8vaIWB8/fodmS1rBPQ==}
    engines: {node: '>=18.0.0'}

  '@smithy/is-array-buffer@2.2.0':
    resolution: {integrity: sha512-GGP3O9QFD24uGeAXYUjwSTXARoqpZykHadOmA8G5vfJPK0/DC67qa//0qvqrJzL1xc8WQWX7/yc7fwudjPHPhA==}
    engines: {node: '>=14.0.0'}

  '@smithy/is-array-buffer@4.0.0':
    resolution: {integrity: sha512-saYhF8ZZNoJDTvJBEWgeBccCg+yvp1CX+ed12yORU3NilJScfc6gfch2oVb4QgxZrGUx3/ZJlb+c/dJbyupxlw==}
    engines: {node: '>=18.0.0'}

  '@smithy/md5-js@4.0.1':
    resolution: {integrity: sha512-HLZ647L27APi6zXkZlzSFZIjpo8po45YiyjMGJZM3gyDY8n7dPGdmxIIljLm4gPt/7rRvutLTTkYJpZVfG5r+A==}
    engines: {node: '>=18.0.0'}

  '@smithy/middleware-content-length@4.0.1':
    resolution: {integrity: sha512-OGXo7w5EkB5pPiac7KNzVtfCW2vKBTZNuCctn++TTSOMpe6RZO/n6WEC1AxJINn3+vWLKW49uad3lo/u0WJ9oQ==}
    engines: {node: '>=18.0.0'}

  '@smithy/middleware-endpoint@4.0.3':
    resolution: {integrity: sha512-YdbmWhQF5kIxZjWqPIgboVfi8i5XgiYMM7GGKFMTvBei4XjNQfNv8sukT50ITvgnWKKKpOtp0C0h7qixLgb77Q==}
    engines: {node: '>=18.0.0'}

  '@smithy/middleware-retry@4.0.4':
    resolution: {integrity: sha512-wmxyUBGHaYUqul0wZiset4M39SMtDBOtUr2KpDuftKNN74Do9Y36Go6Eqzj9tL0mIPpr31ulB5UUtxcsCeGXsQ==}
    engines: {node: '>=18.0.0'}

  '@smithy/middleware-serde@4.0.2':
    resolution: {integrity: sha512-Sdr5lOagCn5tt+zKsaW+U2/iwr6bI9p08wOkCp6/eL6iMbgdtc2R5Ety66rf87PeohR0ExI84Txz9GYv5ou3iQ==}
    engines: {node: '>=18.0.0'}

  '@smithy/middleware-stack@4.0.1':
    resolution: {integrity: sha512-dHwDmrtR/ln8UTHpaIavRSzeIk5+YZTBtLnKwDW3G2t6nAupCiQUvNzNoHBpik63fwUaJPtlnMzXbQrNFWssIA==}
    engines: {node: '>=18.0.0'}

  '@smithy/node-config-provider@4.0.1':
    resolution: {integrity: sha512-8mRTjvCtVET8+rxvmzRNRR0hH2JjV0DFOmwXPrISmTIJEfnCBugpYYGAsCj8t41qd+RB5gbheSQ/6aKZCQvFLQ==}
    engines: {node: '>=18.0.0'}

  '@smithy/node-http-handler@4.0.2':
    resolution: {integrity: sha512-X66H9aah9hisLLSnGuzRYba6vckuFtGE+a5DcHLliI/YlqKrGoxhisD5XbX44KyoeRzoNlGr94eTsMVHFAzPOw==}
    engines: {node: '>=18.0.0'}

  '@smithy/property-provider@4.0.1':
    resolution: {integrity: sha512-o+VRiwC2cgmk/WFV0jaETGOtX16VNPp2bSQEzu0whbReqE1BMqsP2ami2Vi3cbGVdKu1kq9gQkDAGKbt0WOHAQ==}
    engines: {node: '>=18.0.0'}

  '@smithy/protocol-http@5.0.1':
    resolution: {integrity: sha512-TE4cpj49jJNB/oHyh/cRVEgNZaoPaxd4vteJNB0yGidOCVR0jCw/hjPVsT8Q8FRmj8Bd3bFZt8Dh7xGCT+xMBQ==}
    engines: {node: '>=18.0.0'}

  '@smithy/querystring-builder@4.0.1':
    resolution: {integrity: sha512-wU87iWZoCbcqrwszsOewEIuq+SU2mSoBE2CcsLwE0I19m0B2gOJr1MVjxWcDQYOzHbR1xCk7AcOBbGFUYOKvdg==}
    engines: {node: '>=18.0.0'}

  '@smithy/querystring-parser@4.0.1':
    resolution: {integrity: sha512-Ma2XC7VS9aV77+clSFylVUnPZRindhB7BbmYiNOdr+CHt/kZNJoPP0cd3QxCnCFyPXC4eybmyE98phEHkqZ5Jw==}
    engines: {node: '>=18.0.0'}

  '@smithy/service-error-classification@4.0.1':
    resolution: {integrity: sha512-3JNjBfOWpj/mYfjXJHB4Txc/7E4LVq32bwzE7m28GN79+M1f76XHflUaSUkhOriprPDzev9cX/M+dEB80DNDKA==}
    engines: {node: '>=18.0.0'}

  '@smithy/shared-ini-file-loader@4.0.1':
    resolution: {integrity: sha512-hC8F6qTBbuHRI/uqDgqqi6J0R4GtEZcgrZPhFQnMhfJs3MnUTGSnR1NSJCJs5VWlMydu0kJz15M640fJlRsIOw==}
    engines: {node: '>=18.0.0'}

  '@smithy/signature-v4@5.0.1':
    resolution: {integrity: sha512-nCe6fQ+ppm1bQuw5iKoeJ0MJfz2os7Ic3GBjOkLOPtavbD1ONoyE3ygjBfz2ythFWm4YnRm6OxW+8p/m9uCoIA==}
    engines: {node: '>=18.0.0'}

  '@smithy/smithy-client@4.1.3':
    resolution: {integrity: sha512-A2Hz85pu8BJJaYFdX8yb1yocqigyqBzn+OVaVgm+Kwi/DkN8vhN2kbDVEfADo6jXf5hPKquMLGA3UINA64UZ7A==}
    engines: {node: '>=18.0.0'}

  '@smithy/types@4.1.0':
    resolution: {integrity: sha512-enhjdwp4D7CXmwLtD6zbcDMbo6/T6WtuuKCY49Xxc6OMOmUWlBEBDREsxxgV2LIdeQPW756+f97GzcgAwp3iLw==}
    engines: {node: '>=18.0.0'}

  '@smithy/url-parser@4.0.1':
    resolution: {integrity: sha512-gPXcIEUtw7VlK8f/QcruNXm7q+T5hhvGu9tl63LsJPZ27exB6dtNwvh2HIi0v7JcXJ5emBxB+CJxwaLEdJfA+g==}
    engines: {node: '>=18.0.0'}

  '@smithy/util-base64@4.0.0':
    resolution: {integrity: sha512-CvHfCmO2mchox9kjrtzoHkWHxjHZzaFojLc8quxXY7WAAMAg43nuxwv95tATVgQFNDwd4M9S1qFzj40Ul41Kmg==}
    engines: {node: '>=18.0.0'}

  '@smithy/util-body-length-browser@4.0.0':
    resolution: {integrity: sha512-sNi3DL0/k64/LO3A256M+m3CDdG6V7WKWHdAiBBMUN8S3hK3aMPhwnPik2A/a2ONN+9doY9UxaLfgqsIRg69QA==}
    engines: {node: '>=18.0.0'}

  '@smithy/util-body-length-node@4.0.0':
    resolution: {integrity: sha512-q0iDP3VsZzqJyje8xJWEJCNIu3lktUGVoSy1KB0UWym2CL1siV3artm+u1DFYTLejpsrdGyCSWBdGNjJzfDPjg==}
    engines: {node: '>=18.0.0'}

  '@smithy/util-buffer-from@2.2.0':
    resolution: {integrity: sha512-IJdWBbTcMQ6DA0gdNhh/BwrLkDR+ADW5Kr1aZmd4k3DIF6ezMV4R2NIAmT08wQJ3yUK82thHWmC/TnK/wpMMIA==}
    engines: {node: '>=14.0.0'}

  '@smithy/util-buffer-from@4.0.0':
    resolution: {integrity: sha512-9TOQ7781sZvddgO8nxueKi3+yGvkY35kotA0Y6BWRajAv8jjmigQ1sBwz0UX47pQMYXJPahSKEKYFgt+rXdcug==}
    engines: {node: '>=18.0.0'}

  '@smithy/util-config-provider@4.0.0':
    resolution: {integrity: sha512-L1RBVzLyfE8OXH+1hsJ8p+acNUSirQnWQ6/EgpchV88G6zGBTDPdXiiExei6Z1wR2RxYvxY/XLw6AMNCCt8H3w==}
    engines: {node: '>=18.0.0'}

  '@smithy/util-defaults-mode-browser@4.0.4':
    resolution: {integrity: sha512-Ej1bV5sbrIfH++KnWxjjzFNq9nyP3RIUq2c9Iqq7SmMO/idUR24sqvKH2LUQFTSPy/K7G4sB2m8n7YYlEAfZaw==}
    engines: {node: '>=18.0.0'}

  '@smithy/util-defaults-mode-node@4.0.4':
    resolution: {integrity: sha512-HE1I7gxa6yP7ZgXPCFfZSDmVmMtY7SHqzFF55gM/GPegzZKaQWZZ+nYn9C2Cc3JltCMyWe63VPR3tSFDEvuGjw==}
    engines: {node: '>=18.0.0'}

  '@smithy/util-endpoints@3.0.1':
    resolution: {integrity: sha512-zVdUENQpdtn9jbpD9SCFK4+aSiavRb9BxEtw9ZGUR1TYo6bBHbIoi7VkrFQ0/RwZlzx0wRBaRmPclj8iAoJCLA==}
    engines: {node: '>=18.0.0'}

  '@smithy/util-hex-encoding@4.0.0':
    resolution: {integrity: sha512-Yk5mLhHtfIgW2W2WQZWSg5kuMZCVbvhFmC7rV4IO2QqnZdbEFPmQnCcGMAX2z/8Qj3B9hYYNjZOhWym+RwhePw==}
    engines: {node: '>=18.0.0'}

  '@smithy/util-middleware@4.0.1':
    resolution: {integrity: sha512-HiLAvlcqhbzhuiOa0Lyct5IIlyIz0PQO5dnMlmQ/ubYM46dPInB+3yQGkfxsk6Q24Y0n3/JmcA1v5iEhmOF5mA==}
    engines: {node: '>=18.0.0'}

  '@smithy/util-retry@4.0.1':
    resolution: {integrity: sha512-WmRHqNVwn3kI3rKk1LsKcVgPBG6iLTBGC1iYOV3GQegwJ3E8yjzHytPt26VNzOWr1qu0xE03nK0Ug8S7T7oufw==}
    engines: {node: '>=18.0.0'}

  '@smithy/util-stream@4.0.2':
    resolution: {integrity: sha512-0eZ4G5fRzIoewtHtwaYyl8g2C+osYOT4KClXgfdNEDAgkbe2TYPqcnw4GAWabqkZCax2ihRGPe9LZnsPdIUIHA==}
    engines: {node: '>=18.0.0'}

  '@smithy/util-uri-escape@4.0.0':
    resolution: {integrity: sha512-77yfbCbQMtgtTylO9itEAdpPXSog3ZxMe09AEhm0dU0NLTalV70ghDZFR+Nfi1C60jnJoh/Re4090/DuZh2Omg==}
    engines: {node: '>=18.0.0'}

  '@smithy/util-utf8@2.3.0':
    resolution: {integrity: sha512-R8Rdn8Hy72KKcebgLiv8jQcQkXoLMOGGv5uI1/k0l+snqkOzQ1R0ChUBCxWMlBsFMekWjq0wRudIweFs7sKT5A==}
    engines: {node: '>=14.0.0'}

  '@smithy/util-utf8@4.0.0':
    resolution: {integrity: sha512-b+zebfKCfRdgNJDknHCob3O7FpeYQN6ZG6YLExMcasDHsCXlsXCEuiPZeLnJLpwa5dvPetGlnGCiMHuLwGvFow==}
    engines: {node: '>=18.0.0'}

  '@smithy/util-waiter@4.0.2':
    resolution: {integrity: sha512-piUTHyp2Axx3p/kc2CIJkYSv0BAaheBQmbACZgQSSfWUumWNW+R1lL+H9PDBxKJkvOeEX+hKYEFiwO8xagL8AQ==}
    engines: {node: '>=18.0.0'}

  '@types/json2md@1.5.4':
    resolution: {integrity: sha512-OFTAYD7Nnyu7FZPGnDwYbGOTKqzDfX71uFSgTbGhcr0aHCi17QkSOY3wO5H4yv5h23Ly+7suvf2lzHcdeDIH2Q==}

  '@types/node@22.8.4':
    resolution: {integrity: sha512-SpNNxkftTJOPk0oN+y2bIqurEXHTA2AOZ3EJDDKeJ5VzkvvORSvmQXGQarcOzWV1ac7DCaPBEdMDxBsM+d8jWw==}

  bowser@2.11.0:
    resolution: {integrity: sha512-AlcaJBi/pqqJBIQ8U9Mcpc9i8Aqxn88Skv5d+xBX006BY5u8N3mGLHa5Lgppa7L/HfwgwLgZ6NYs+Ag6uUmJRA==}

  dotenv@16.4.5:
    resolution: {integrity: sha512-ZmdL2rui+eB2YwhsWzjInR8LldtZHGDoQ1ugH85ppHKwpUHL7j7rN0Ti9NCnGiQbhaZ11FpR+7ao1dNsmduNUg==}
    engines: {node: '>=12'}

  fast-xml-parser@4.4.1:
    resolution: {integrity: sha512-xkjOecfnKGkSsOwtZ5Pz7Us/T6mrbPQrq0nh+aCO5V9nk5NLWmasAHumTKjiPJPWANe+kAZ84Jc8ooJkzZ88Sw==}
    hasBin: true

  fsevents@2.3.2:
    resolution: {integrity: sha512-xiqMQR4xAeHTuB9uWm+fFRcIOgKBMiOBP+eXiyT7jsgVCq1bkVygt00oASowB7EdtpOHaaPgKt812P9ab+DDKA==}
    engines: {node: ^8.16.0 || ^10.6.0 || >=11.0.0}
    os: [darwin]

  indento@1.1.13:
    resolution: {integrity: sha512-YZWk3mreBEM7sBPddsiQnW9Z8SGg/gNpFfscJq00HCDS7pxcQWWWMSVKJU7YkTRyDu1Zv2s8zaK8gQWKmCXHlg==}

  json2md@2.0.1:
    resolution: {integrity: sha512-VbwmZ83qmUfKBS2pUOHlzNKEZFPBeJSbzEok3trMYyboZUgdHNn1XZfc1uT8UZs1GHCrmRUBXCfqw4YmmQuOhw==}

  playwright-core@1.48.2:
    resolution: {integrity: sha512-sjjw+qrLFlriJo64du+EK0kJgZzoQPsabGF4lBvsid+3CNIZIYLgnMj9V6JY5VhM2Peh20DJWIVpVljLLnlawA==}
    engines: {node: '>=18'}
    hasBin: true

  playwright@1.48.2:
    resolution: {integrity: sha512-NjYvYgp4BPmiwfe31j4gHLa3J7bD2WiBz8Lk2RoSsmX38SVIARZ18VYjxLjAcDsAhA+F4iSEXTSGgjua0rrlgQ==}
    engines: {node: '>=18'}
    hasBin: true

  strnum@1.0.5:
    resolution: {integrity: sha512-J8bbNyKKXl5qYcR36TIO8W3mVGVHrmmxsd5PAItGkmyzwJvybiw2IVq5nqd0i4LSNSkB/sx9VHllbfFdr9k1JA==}

  tslib@2.8.1:
    resolution: {integrity: sha512-oJFu94HQb+KVduSUQL7wnpmqnfmLsOA/nAh6b6EH0wCEoK0/mPeXU6c3wKDV83MkOuHPRHtSXKKU99IBazS/2w==}

  undici-types@6.19.8:
    resolution: {integrity: sha512-ve2KP6f/JnbPBFyobGHuerC9g1FYGn/F8n1LWTwNxCEzd6IfqTwUQcNXgEtmmQ6DlRrC1hrSrBnCZPokRrDHjw==}

  uuid@9.0.1:
    resolution: {integrity: sha512-b+1eJOlsR9K8HJpow9Ok3fiWOWSIcIzXodvv0rQjVoOVNpWMpxf1wZNpt4y9h10odCNrqnYp1OBzRktckBe3sA==}
    hasBin: true

snapshots:

  '@aws-crypto/crc32@5.2.0':
    dependencies:
      '@aws-crypto/util': 5.2.0
      '@aws-sdk/types': 3.734.0
      tslib: 2.8.1

  '@aws-crypto/crc32c@5.2.0':
    dependencies:
      '@aws-crypto/util': 5.2.0
      '@aws-sdk/types': 3.734.0
      tslib: 2.8.1

  '@aws-crypto/sha1-browser@5.2.0':
    dependencies:
      '@aws-crypto/supports-web-crypto': 5.2.0
      '@aws-crypto/util': 5.2.0
      '@aws-sdk/types': 3.734.0
      '@aws-sdk/util-locate-window': 3.723.0
      '@smithy/util-utf8': 2.3.0
      tslib: 2.8.1

  '@aws-crypto/sha256-browser@5.2.0':
    dependencies:
      '@aws-crypto/sha256-js': 5.2.0
      '@aws-crypto/supports-web-crypto': 5.2.0
      '@aws-crypto/util': 5.2.0
      '@aws-sdk/types': 3.734.0
      '@aws-sdk/util-locate-window': 3.723.0
      '@smithy/util-utf8': 2.3.0
      tslib: 2.8.1

  '@aws-crypto/sha256-js@5.2.0':
    dependencies:
      '@aws-crypto/util': 5.2.0
      '@aws-sdk/types': 3.734.0
      tslib: 2.8.1

  '@aws-crypto/supports-web-crypto@5.2.0':
    dependencies:
      tslib: 2.8.1

  '@aws-crypto/util@5.2.0':
    dependencies:
      '@aws-sdk/types': 3.734.0
      '@smithy/util-utf8': 2.3.0
      tslib: 2.8.1

  '@aws-sdk/client-s3@3.738.0':
    dependencies:
      '@aws-crypto/sha1-browser': 5.2.0
      '@aws-crypto/sha256-browser': 5.2.0
      '@aws-crypto/sha256-js': 5.2.0
      '@aws-sdk/core': 3.734.0
      '@aws-sdk/credential-provider-node': 3.738.0
      '@aws-sdk/middleware-bucket-endpoint': 3.734.0
      '@aws-sdk/middleware-expect-continue': 3.734.0
      '@aws-sdk/middleware-flexible-checksums': 3.735.0
      '@aws-sdk/middleware-host-header': 3.734.0
      '@aws-sdk/middleware-location-constraint': 3.734.0
      '@aws-sdk/middleware-logger': 3.734.0
      '@aws-sdk/middleware-recursion-detection': 3.734.0
      '@aws-sdk/middleware-sdk-s3': 3.734.0
      '@aws-sdk/middleware-ssec': 3.734.0
      '@aws-sdk/middleware-user-agent': 3.734.0
      '@aws-sdk/region-config-resolver': 3.734.0
      '@aws-sdk/signature-v4-multi-region': 3.734.0
      '@aws-sdk/types': 3.734.0
      '@aws-sdk/util-endpoints': 3.734.0
      '@aws-sdk/util-user-agent-browser': 3.734.0
      '@aws-sdk/util-user-agent-node': 3.734.0
      '@aws-sdk/xml-builder': 3.734.0
      '@smithy/config-resolver': 4.0.1
      '@smithy/core': 3.1.2
      '@smithy/eventstream-serde-browser': 4.0.1
      '@smithy/eventstream-serde-config-resolver': 4.0.1
      '@smithy/eventstream-serde-node': 4.0.1
      '@smithy/fetch-http-handler': 5.0.1
      '@smithy/hash-blob-browser': 4.0.1
      '@smithy/hash-node': 4.0.1
      '@smithy/hash-stream-node': 4.0.1
      '@smithy/invalid-dependency': 4.0.1
      '@smithy/md5-js': 4.0.1
      '@smithy/middleware-content-length': 4.0.1
      '@smithy/middleware-endpoint': 4.0.3
      '@smithy/middleware-retry': 4.0.4
      '@smithy/middleware-serde': 4.0.2
      '@smithy/middleware-stack': 4.0.1
      '@smithy/node-config-provider': 4.0.1
      '@smithy/node-http-handler': 4.0.2
      '@smithy/protocol-http': 5.0.1
      '@smithy/smithy-client': 4.1.3
      '@smithy/types': 4.1.0
      '@smithy/url-parser': 4.0.1
      '@smithy/util-base64': 4.0.0
      '@smithy/util-body-length-browser': 4.0.0
      '@smithy/util-body-length-node': 4.0.0
      '@smithy/util-defaults-mode-browser': 4.0.4
      '@smithy/util-defaults-mode-node': 4.0.4
      '@smithy/util-endpoints': 3.0.1
      '@smithy/util-middleware': 4.0.1
      '@smithy/util-retry': 4.0.1
      '@smithy/util-stream': 4.0.2
      '@smithy/util-utf8': 4.0.0
      '@smithy/util-waiter': 4.0.2
      tslib: 2.8.1
    transitivePeerDependencies:
      - aws-crt

  '@aws-sdk/client-sso@3.734.0':
    dependencies:
      '@aws-crypto/sha256-browser': 5.2.0
      '@aws-crypto/sha256-js': 5.2.0
      '@aws-sdk/core': 3.734.0
      '@aws-sdk/middleware-host-header': 3.734.0
      '@aws-sdk/middleware-logger': 3.734.0
      '@aws-sdk/middleware-recursion-detection': 3.734.0
      '@aws-sdk/middleware-user-agent': 3.734.0
      '@aws-sdk/region-config-resolver': 3.734.0
      '@aws-sdk/types': 3.734.0
      '@aws-sdk/util-endpoints': 3.734.0
      '@aws-sdk/util-user-agent-browser': 3.734.0
      '@aws-sdk/util-user-agent-node': 3.734.0
      '@smithy/config-resolver': 4.0.1
      '@smithy/core': 3.1.2
      '@smithy/fetch-http-handler': 5.0.1
      '@smithy/hash-node': 4.0.1
      '@smithy/invalid-dependency': 4.0.1
      '@smithy/middleware-content-length': 4.0.1
      '@smithy/middleware-endpoint': 4.0.3
      '@smithy/middleware-retry': 4.0.4
      '@smithy/middleware-serde': 4.0.2
      '@smithy/middleware-stack': 4.0.1
      '@smithy/node-config-provider': 4.0.1
      '@smithy/node-http-handler': 4.0.2
      '@smithy/protocol-http': 5.0.1
      '@smithy/smithy-client': 4.1.3
      '@smithy/types': 4.1.0
      '@smithy/url-parser': 4.0.1
      '@smithy/util-base64': 4.0.0
      '@smithy/util-body-length-browser': 4.0.0
      '@smithy/util-body-length-node': 4.0.0
      '@smithy/util-defaults-mode-browser': 4.0.4
      '@smithy/util-defaults-mode-node': 4.0.4
      '@smithy/util-endpoints': 3.0.1
      '@smithy/util-middleware': 4.0.1
      '@smithy/util-retry': 4.0.1
      '@smithy/util-utf8': 4.0.0
      tslib: 2.8.1
    transitivePeerDependencies:
      - aws-crt

  '@aws-sdk/core@3.734.0':
    dependencies:
      '@aws-sdk/types': 3.734.0
      '@smithy/core': 3.1.2
      '@smithy/node-config-provider': 4.0.1
      '@smithy/property-provider': 4.0.1
      '@smithy/protocol-http': 5.0.1
      '@smithy/signature-v4': 5.0.1
      '@smithy/smithy-client': 4.1.3
      '@smithy/types': 4.1.0
      '@smithy/util-middleware': 4.0.1
      fast-xml-parser: 4.4.1
      tslib: 2.8.1

  '@aws-sdk/credential-provider-env@3.734.0':
    dependencies:
      '@aws-sdk/core': 3.734.0
      '@aws-sdk/types': 3.734.0
      '@smithy/property-provider': 4.0.1
      '@smithy/types': 4.1.0
      tslib: 2.8.1

  '@aws-sdk/credential-provider-http@3.734.0':
    dependencies:
      '@aws-sdk/core': 3.734.0
      '@aws-sdk/types': 3.734.0
      '@smithy/fetch-http-handler': 5.0.1
      '@smithy/node-http-handler': 4.0.2
      '@smithy/property-provider': 4.0.1
      '@smithy/protocol-http': 5.0.1
      '@smithy/smithy-client': 4.1.3
      '@smithy/types': 4.1.0
      '@smithy/util-stream': 4.0.2
      tslib: 2.8.1

  '@aws-sdk/credential-provider-ini@3.734.0':
    dependencies:
      '@aws-sdk/core': 3.734.0
      '@aws-sdk/credential-provider-env': 3.734.0
      '@aws-sdk/credential-provider-http': 3.734.0
      '@aws-sdk/credential-provider-process': 3.734.0
      '@aws-sdk/credential-provider-sso': 3.734.0
      '@aws-sdk/credential-provider-web-identity': 3.734.0
      '@aws-sdk/nested-clients': 3.734.0
      '@aws-sdk/types': 3.734.0
      '@smithy/credential-provider-imds': 4.0.1
      '@smithy/property-provider': 4.0.1
      '@smithy/shared-ini-file-loader': 4.0.1
      '@smithy/types': 4.1.0
      tslib: 2.8.1
    transitivePeerDependencies:
      - aws-crt

  '@aws-sdk/credential-provider-node@3.738.0':
    dependencies:
      '@aws-sdk/credential-provider-env': 3.734.0
      '@aws-sdk/credential-provider-http': 3.734.0
      '@aws-sdk/credential-provider-ini': 3.734.0
      '@aws-sdk/credential-provider-process': 3.734.0
      '@aws-sdk/credential-provider-sso': 3.734.0
      '@aws-sdk/credential-provider-web-identity': 3.734.0
      '@aws-sdk/types': 3.734.0
      '@smithy/credential-provider-imds': 4.0.1
      '@smithy/property-provider': 4.0.1
      '@smithy/shared-ini-file-loader': 4.0.1
      '@smithy/types': 4.1.0
      tslib: 2.8.1
    transitivePeerDependencies:
      - aws-crt

  '@aws-sdk/credential-provider-process@3.734.0':
    dependencies:
      '@aws-sdk/core': 3.734.0
      '@aws-sdk/types': 3.734.0
      '@smithy/property-provider': 4.0.1
      '@smithy/shared-ini-file-loader': 4.0.1
      '@smithy/types': 4.1.0
      tslib: 2.8.1

  '@aws-sdk/credential-provider-sso@3.734.0':
    dependencies:
      '@aws-sdk/client-sso': 3.734.0
      '@aws-sdk/core': 3.734.0
      '@aws-sdk/token-providers': 3.734.0
      '@aws-sdk/types': 3.734.0
      '@smithy/property-provider': 4.0.1
      '@smithy/shared-ini-file-loader': 4.0.1
      '@smithy/types': 4.1.0
      tslib: 2.8.1
    transitivePeerDependencies:
      - aws-crt

  '@aws-sdk/credential-provider-web-identity@3.734.0':
    dependencies:
      '@aws-sdk/core': 3.734.0
      '@aws-sdk/nested-clients': 3.734.0
      '@aws-sdk/types': 3.734.0
      '@smithy/property-provider': 4.0.1
      '@smithy/types': 4.1.0
      tslib: 2.8.1
    transitivePeerDependencies:
      - aws-crt

  '@aws-sdk/middleware-bucket-endpoint@3.734.0':
    dependencies:
      '@aws-sdk/types': 3.734.0
      '@aws-sdk/util-arn-parser': 3.723.0
      '@smithy/node-config-provider': 4.0.1
      '@smithy/protocol-http': 5.0.1
      '@smithy/types': 4.1.0
      '@smithy/util-config-provider': 4.0.0
      tslib: 2.8.1

  '@aws-sdk/middleware-expect-continue@3.734.0':
    dependencies:
      '@aws-sdk/types': 3.734.0
      '@smithy/protocol-http': 5.0.1
      '@smithy/types': 4.1.0
      tslib: 2.8.1

  '@aws-sdk/middleware-flexible-checksums@3.735.0':
    dependencies:
      '@aws-crypto/crc32': 5.2.0
      '@aws-crypto/crc32c': 5.2.0
      '@aws-crypto/util': 5.2.0
      '@aws-sdk/core': 3.734.0
      '@aws-sdk/types': 3.734.0
      '@smithy/is-array-buffer': 4.0.0
      '@smithy/node-config-provider': 4.0.1
      '@smithy/protocol-http': 5.0.1
      '@smithy/types': 4.1.0
      '@smithy/util-middleware': 4.0.1
      '@smithy/util-stream': 4.0.2
      '@smithy/util-utf8': 4.0.0
      tslib: 2.8.1

  '@aws-sdk/middleware-host-header@3.734.0':
    dependencies:
      '@aws-sdk/types': 3.734.0
      '@smithy/protocol-http': 5.0.1
      '@smithy/types': 4.1.0
      tslib: 2.8.1

  '@aws-sdk/middleware-location-constraint@3.734.0':
    dependencies:
      '@aws-sdk/types': 3.734.0
      '@smithy/types': 4.1.0
      tslib: 2.8.1

  '@aws-sdk/middleware-logger@3.734.0':
    dependencies:
      '@aws-sdk/types': 3.734.0
      '@smithy/types': 4.1.0
      tslib: 2.8.1

  '@aws-sdk/middleware-recursion-detection@3.734.0':
    dependencies:
      '@aws-sdk/types': 3.734.0
      '@smithy/protocol-http': 5.0.1
      '@smithy/types': 4.1.0
      tslib: 2.8.1

  '@aws-sdk/middleware-sdk-s3@3.734.0':
    dependencies:
      '@aws-sdk/core': 3.734.0
      '@aws-sdk/types': 3.734.0
      '@aws-sdk/util-arn-parser': 3.723.0
      '@smithy/core': 3.1.2
      '@smithy/node-config-provider': 4.0.1
      '@smithy/protocol-http': 5.0.1
      '@smithy/signature-v4': 5.0.1
      '@smithy/smithy-client': 4.1.3
      '@smithy/types': 4.1.0
      '@smithy/util-config-provider': 4.0.0
      '@smithy/util-middleware': 4.0.1
      '@smithy/util-stream': 4.0.2
      '@smithy/util-utf8': 4.0.0
      tslib: 2.8.1

  '@aws-sdk/middleware-ssec@3.734.0':
    dependencies:
      '@aws-sdk/types': 3.734.0
      '@smithy/types': 4.1.0
      tslib: 2.8.1

  '@aws-sdk/middleware-user-agent@3.734.0':
    dependencies:
      '@aws-sdk/core': 3.734.0
      '@aws-sdk/types': 3.734.0
      '@aws-sdk/util-endpoints': 3.734.0
      '@smithy/core': 3.1.2
      '@smithy/protocol-http': 5.0.1
      '@smithy/types': 4.1.0
      tslib: 2.8.1

  '@aws-sdk/nested-clients@3.734.0':
    dependencies:
      '@aws-crypto/sha256-browser': 5.2.0
      '@aws-crypto/sha256-js': 5.2.0
      '@aws-sdk/core': 3.734.0
      '@aws-sdk/middleware-host-header': 3.734.0
      '@aws-sdk/middleware-logger': 3.734.0
      '@aws-sdk/middleware-recursion-detection': 3.734.0
      '@aws-sdk/middleware-user-agent': 3.734.0
      '@aws-sdk/region-config-resolver': 3.734.0
      '@aws-sdk/types': 3.734.0
      '@aws-sdk/util-endpoints': 3.734.0
      '@aws-sdk/util-user-agent-browser': 3.734.0
      '@aws-sdk/util-user-agent-node': 3.734.0
      '@smithy/config-resolver': 4.0.1
      '@smithy/core': 3.1.2
      '@smithy/fetch-http-handler': 5.0.1
      '@smithy/hash-node': 4.0.1
      '@smithy/invalid-dependency': 4.0.1
      '@smithy/middleware-content-length': 4.0.1
      '@smithy/middleware-endpoint': 4.0.3
      '@smithy/middleware-retry': 4.0.4
      '@smithy/middleware-serde': 4.0.2
      '@smithy/middleware-stack': 4.0.1
      '@smithy/node-config-provider': 4.0.1
      '@smithy/node-http-handler': 4.0.2
      '@smithy/protocol-http': 5.0.1
      '@smithy/smithy-client': 4.1.3
      '@smithy/types': 4.1.0
      '@smithy/url-parser': 4.0.1
      '@smithy/util-base64': 4.0.0
      '@smithy/util-body-length-browser': 4.0.0
      '@smithy/util-body-length-node': 4.0.0
      '@smithy/util-defaults-mode-browser': 4.0.4
      '@smithy/util-defaults-mode-node': 4.0.4
      '@smithy/util-endpoints': 3.0.1
      '@smithy/util-middleware': 4.0.1
      '@smithy/util-retry': 4.0.1
      '@smithy/util-utf8': 4.0.0
      tslib: 2.8.1
    transitivePeerDependencies:
      - aws-crt

  '@aws-sdk/region-config-resolver@3.734.0':
    dependencies:
      '@aws-sdk/types': 3.734.0
      '@smithy/node-config-provider': 4.0.1
      '@smithy/types': 4.1.0
      '@smithy/util-config-provider': 4.0.0
      '@smithy/util-middleware': 4.0.1
      tslib: 2.8.1

  '@aws-sdk/signature-v4-multi-region@3.734.0':
    dependencies:
      '@aws-sdk/middleware-sdk-s3': 3.734.0
      '@aws-sdk/types': 3.734.0
      '@smithy/protocol-http': 5.0.1
      '@smithy/signature-v4': 5.0.1
      '@smithy/types': 4.1.0
      tslib: 2.8.1

  '@aws-sdk/token-providers@3.734.0':
    dependencies:
      '@aws-sdk/nested-clients': 3.734.0
      '@aws-sdk/types': 3.734.0
      '@smithy/property-provider': 4.0.1
      '@smithy/shared-ini-file-loader': 4.0.1
      '@smithy/types': 4.1.0
      tslib: 2.8.1
    transitivePeerDependencies:
      - aws-crt

  '@aws-sdk/types@3.734.0':
    dependencies:
      '@smithy/types': 4.1.0
      tslib: 2.8.1

  '@aws-sdk/util-arn-parser@3.723.0':
    dependencies:
      tslib: 2.8.1

  '@aws-sdk/util-endpoints@3.734.0':
    dependencies:
      '@aws-sdk/types': 3.734.0
      '@smithy/types': 4.1.0
      '@smithy/util-endpoints': 3.0.1
      tslib: 2.8.1

  '@aws-sdk/util-locate-window@3.723.0':
    dependencies:
      tslib: 2.8.1

  '@aws-sdk/util-user-agent-browser@3.734.0':
    dependencies:
      '@aws-sdk/types': 3.734.0
      '@smithy/types': 4.1.0
      bowser: 2.11.0
      tslib: 2.8.1

  '@aws-sdk/util-user-agent-node@3.734.0':
    dependencies:
      '@aws-sdk/middleware-user-agent': 3.734.0
      '@aws-sdk/types': 3.734.0
      '@smithy/node-config-provider': 4.0.1
      '@smithy/types': 4.1.0
      tslib: 2.8.1

  '@aws-sdk/xml-builder@3.734.0':
    dependencies:
      '@smithy/types': 4.1.0
      tslib: 2.8.1

  '@playwright/test@1.48.2':
    dependencies:
      playwright: 1.48.2

  '@smithy/abort-controller@4.0.1':
    dependencies:
      '@smithy/types': 4.1.0
      tslib: 2.8.1

  '@smithy/chunked-blob-reader-native@4.0.0':
    dependencies:
      '@smithy/util-base64': 4.0.0
      tslib: 2.8.1

  '@smithy/chunked-blob-reader@5.0.0':
    dependencies:
      tslib: 2.8.1

  '@smithy/config-resolver@4.0.1':
    dependencies:
      '@smithy/node-config-provider': 4.0.1
      '@smithy/types': 4.1.0
      '@smithy/util-config-provider': 4.0.0
      '@smithy/util-middleware': 4.0.1
      tslib: 2.8.1

  '@smithy/core@3.1.2':
    dependencies:
      '@smithy/middleware-serde': 4.0.2
      '@smithy/protocol-http': 5.0.1
      '@smithy/types': 4.1.0
      '@smithy/util-body-length-browser': 4.0.0
      '@smithy/util-middleware': 4.0.1
      '@smithy/util-stream': 4.0.2
      '@smithy/util-utf8': 4.0.0
      tslib: 2.8.1

  '@smithy/credential-provider-imds@4.0.1':
    dependencies:
      '@smithy/node-config-provider': 4.0.1
      '@smithy/property-provider': 4.0.1
      '@smithy/types': 4.1.0
      '@smithy/url-parser': 4.0.1
      tslib: 2.8.1

  '@smithy/eventstream-codec@4.0.1':
    dependencies:
      '@aws-crypto/crc32': 5.2.0
      '@smithy/types': 4.1.0
      '@smithy/util-hex-encoding': 4.0.0
      tslib: 2.8.1

  '@smithy/eventstream-serde-browser@4.0.1':
    dependencies:
      '@smithy/eventstream-serde-universal': 4.0.1
      '@smithy/types': 4.1.0
      tslib: 2.8.1

  '@smithy/eventstream-serde-config-resolver@4.0.1':
    dependencies:
      '@smithy/types': 4.1.0
      tslib: 2.8.1

  '@smithy/eventstream-serde-node@4.0.1':
    dependencies:
      '@smithy/eventstream-serde-universal': 4.0.1
      '@smithy/types': 4.1.0
      tslib: 2.8.1

  '@smithy/eventstream-serde-universal@4.0.1':
    dependencies:
      '@smithy/eventstream-codec': 4.0.1
      '@smithy/types': 4.1.0
      tslib: 2.8.1

  '@smithy/fetch-http-handler@5.0.1':
    dependencies:
      '@smithy/protocol-http': 5.0.1
      '@smithy/querystring-builder': 4.0.1
      '@smithy/types': 4.1.0
      '@smithy/util-base64': 4.0.0
      tslib: 2.8.1

  '@smithy/hash-blob-browser@4.0.1':
    dependencies:
      '@smithy/chunked-blob-reader': 5.0.0
      '@smithy/chunked-blob-reader-native': 4.0.0
      '@smithy/types': 4.1.0
      tslib: 2.8.1

  '@smithy/hash-node@4.0.1':
    dependencies:
      '@smithy/types': 4.1.0
      '@smithy/util-buffer-from': 4.0.0
      '@smithy/util-utf8': 4.0.0
      tslib: 2.8.1

  '@smithy/hash-stream-node@4.0.1':
    dependencies:
      '@smithy/types': 4.1.0
      '@smithy/util-utf8': 4.0.0
      tslib: 2.8.1

  '@smithy/invalid-dependency@4.0.1':
    dependencies:
      '@smithy/types': 4.1.0
      tslib: 2.8.1

  '@smithy/is-array-buffer@2.2.0':
    dependencies:
      tslib: 2.8.1

  '@smithy/is-array-buffer@4.0.0':
    dependencies:
      tslib: 2.8.1

  '@smithy/md5-js@4.0.1':
    dependencies:
      '@smithy/types': 4.1.0
      '@smithy/util-utf8': 4.0.0
      tslib: 2.8.1

  '@smithy/middleware-content-length@4.0.1':
    dependencies:
      '@smithy/protocol-http': 5.0.1
      '@smithy/types': 4.1.0
      tslib: 2.8.1

  '@smithy/middleware-endpoint@4.0.3':
    dependencies:
      '@smithy/core': 3.1.2
      '@smithy/middleware-serde': 4.0.2
      '@smithy/node-config-provider': 4.0.1
      '@smithy/shared-ini-file-loader': 4.0.1
      '@smithy/types': 4.1.0
      '@smithy/url-parser': 4.0.1
      '@smithy/util-middleware': 4.0.1
      tslib: 2.8.1

  '@smithy/middleware-retry@4.0.4':
    dependencies:
      '@smithy/node-config-provider': 4.0.1
      '@smithy/protocol-http': 5.0.1
      '@smithy/service-error-classification': 4.0.1
      '@smithy/smithy-client': 4.1.3
      '@smithy/types': 4.1.0
      '@smithy/util-middleware': 4.0.1
      '@smithy/util-retry': 4.0.1
      tslib: 2.8.1
      uuid: 9.0.1

  '@smithy/middleware-serde@4.0.2':
    dependencies:
      '@smithy/types': 4.1.0
      tslib: 2.8.1

  '@smithy/middleware-stack@4.0.1':
    dependencies:
      '@smithy/types': 4.1.0
      tslib: 2.8.1

  '@smithy/node-config-provider@4.0.1':
    dependencies:
      '@smithy/property-provider': 4.0.1
      '@smithy/shared-ini-file-loader': 4.0.1
      '@smithy/types': 4.1.0
      tslib: 2.8.1

  '@smithy/node-http-handler@4.0.2':
    dependencies:
      '@smithy/abort-controller': 4.0.1
      '@smithy/protocol-http': 5.0.1
      '@smithy/querystring-builder': 4.0.1
      '@smithy/types': 4.1.0
      tslib: 2.8.1

  '@smithy/property-provider@4.0.1':
    dependencies:
      '@smithy/types': 4.1.0
      tslib: 2.8.1

  '@smithy/protocol-http@5.0.1':
    dependencies:
      '@smithy/types': 4.1.0
      tslib: 2.8.1

  '@smithy/querystring-builder@4.0.1':
    dependencies:
      '@smithy/types': 4.1.0
      '@smithy/util-uri-escape': 4.0.0
      tslib: 2.8.1

  '@smithy/querystring-parser@4.0.1':
    dependencies:
      '@smithy/types': 4.1.0
      tslib: 2.8.1

  '@smithy/service-error-classification@4.0.1':
    dependencies:
      '@smithy/types': 4.1.0

  '@smithy/shared-ini-file-loader@4.0.1':
    dependencies:
      '@smithy/types': 4.1.0
      tslib: 2.8.1

  '@smithy/signature-v4@5.0.1':
    dependencies:
      '@smithy/is-array-buffer': 4.0.0
      '@smithy/protocol-http': 5.0.1
      '@smithy/types': 4.1.0
      '@smithy/util-hex-encoding': 4.0.0
      '@smithy/util-middleware': 4.0.1
      '@smithy/util-uri-escape': 4.0.0
      '@smithy/util-utf8': 4.0.0
      tslib: 2.8.1

  '@smithy/smithy-client@4.1.3':
    dependencies:
      '@smithy/core': 3.1.2
      '@smithy/middleware-endpoint': 4.0.3
      '@smithy/middleware-stack': 4.0.1
      '@smithy/protocol-http': 5.0.1
      '@smithy/types': 4.1.0
      '@smithy/util-stream': 4.0.2
      tslib: 2.8.1

  '@smithy/types@4.1.0':
    dependencies:
      tslib: 2.8.1

  '@smithy/url-parser@4.0.1':
    dependencies:
      '@smithy/querystring-parser': 4.0.1
      '@smithy/types': 4.1.0
      tslib: 2.8.1

  '@smithy/util-base64@4.0.0':
    dependencies:
      '@smithy/util-buffer-from': 4.0.0
      '@smithy/util-utf8': 4.0.0
      tslib: 2.8.1

  '@smithy/util-body-length-browser@4.0.0':
    dependencies:
      tslib: 2.8.1

  '@smithy/util-body-length-node@4.0.0':
    dependencies:
      tslib: 2.8.1

  '@smithy/util-buffer-from@2.2.0':
    dependencies:
      '@smithy/is-array-buffer': 2.2.0
      tslib: 2.8.1

  '@smithy/util-buffer-from@4.0.0':
    dependencies:
      '@smithy/is-array-buffer': 4.0.0
      tslib: 2.8.1

  '@smithy/util-config-provider@4.0.0':
    dependencies:
      tslib: 2.8.1

  '@smithy/util-defaults-mode-browser@4.0.4':
    dependencies:
      '@smithy/property-provider': 4.0.1
      '@smithy/smithy-client': 4.1.3
      '@smithy/types': 4.1.0
      bowser: 2.11.0
      tslib: 2.8.1

  '@smithy/util-defaults-mode-node@4.0.4':
    dependencies:
      '@smithy/config-resolver': 4.0.1
      '@smithy/credential-provider-imds': 4.0.1
      '@smithy/node-config-provider': 4.0.1
      '@smithy/property-provider': 4.0.1
      '@smithy/smithy-client': 4.1.3
      '@smithy/types': 4.1.0
      tslib: 2.8.1

  '@smithy/util-endpoints@3.0.1':
    dependencies:
      '@smithy/node-config-provider': 4.0.1
      '@smithy/types': 4.1.0
      tslib: 2.8.1

  '@smithy/util-hex-encoding@4.0.0':
    dependencies:
      tslib: 2.8.1

  '@smithy/util-middleware@4.0.1':
    dependencies:
      '@smithy/types': 4.1.0
      tslib: 2.8.1

  '@smithy/util-retry@4.0.1':
    dependencies:
      '@smithy/service-error-classification': 4.0.1
      '@smithy/types': 4.1.0
      tslib: 2.8.1

  '@smithy/util-stream@4.0.2':
    dependencies:
      '@smithy/fetch-http-handler': 5.0.1
      '@smithy/node-http-handler': 4.0.2
      '@smithy/types': 4.1.0
      '@smithy/util-base64': 4.0.0
      '@smithy/util-buffer-from': 4.0.0
      '@smithy/util-hex-encoding': 4.0.0
      '@smithy/util-utf8': 4.0.0
      tslib: 2.8.1

  '@smithy/util-uri-escape@4.0.0':
    dependencies:
      tslib: 2.8.1

  '@smithy/util-utf8@2.3.0':
    dependencies:
      '@smithy/util-buffer-from': 2.2.0
      tslib: 2.8.1

  '@smithy/util-utf8@4.0.0':
    dependencies:
      '@smithy/util-buffer-from': 4.0.0
      tslib: 2.8.1

  '@smithy/util-waiter@4.0.2':
    dependencies:
      '@smithy/abort-controller': 4.0.1
      '@smithy/types': 4.1.0
      tslib: 2.8.1

  '@types/json2md@1.5.4': {}

  '@types/node@22.8.4':
    dependencies:
      undici-types: 6.19.8

  bowser@2.11.0: {}

  dotenv@16.4.5: {}

  fast-xml-parser@4.4.1:
    dependencies:
      strnum: 1.0.5

  fsevents@2.3.2:
    optional: true

  indento@1.1.13: {}

  json2md@2.0.1:
    dependencies:
      indento: 1.1.13

  playwright-core@1.48.2: {}

  playwright@1.48.2:
    dependencies:
      playwright-core: 1.48.2
    optionalDependencies:
      fsevents: 2.3.2

  strnum@1.0.5: {}

  tslib@2.8.1: {}

  undici-types@6.19.8: {}

  uuid@9.0.1: {}
