{
  "name": "rich-threads-browser-driver",
  "version": "0.0.0",
  "lockfileVersion": 3,
  "requires": true,
  "packages": {
    "": {
      "name": "rich-threads-browser-driver",
      "version": "0.0.0",
      "dependencies": {
        "@ag-ui/client": "1.0.2",
        "ioredis": "5.9.3",
        "pg": "8.18.0",
        "playwright": "1.63.0",
        "rxjs": "7.8.1"
      }
    },
    "node_modules/@ag-ui/client": {
      "version": "1.0.2",
      "resolved": "https://registry.npmjs.org/@ag-ui/client/-/client-1.0.2.tgz",
      "integrity": "sha512-BPxcQBPxJZi7XiQI8eBpiE6KBcySjD6hV7XWQhezYbLeK9WJkcUZ6RhX5dngWw+VgfapxPdJdEDTV/JxF21Duw==",
      "license": "MIT",
      "dependencies": {
        "@ag-ui/core": "1.0.2",
        "@ag-ui/encoder": "1.0.2",
        "@ag-ui/proto": "1.0.2",
        "@types/uuid": "^10.0.0",
        "compare-versions": "^6.1.1",
        "fast-json-patch": "^3.1.1",
        "rxjs": "7.8.1",
        "untruncate-json": "^0.0.1",
        "uuid": "^11.1.0",
        "zod": "^3.25.76"
      }
    },
    "node_modules/@ag-ui/core": {
      "version": "1.0.2",
      "resolved": "https://registry.npmjs.org/@ag-ui/core/-/core-1.0.2.tgz",
      "integrity": "sha512-lb0YfvHY4eTHcXthTWzXjsElLqycGWDhaXGTejwMkUV5TtJVZircRS12/tMpqzd32sL+WZ2PWQ4m0+ThKrGF8A==",
      "license": "MIT",
      "peerDependencies": {
        "zod": "^3.25.18 || ^4.0.0"
      },
      "peerDependenciesMeta": {
        "zod": {
          "optional": true
        }
      }
    },
    "node_modules/@ag-ui/encoder": {
      "version": "1.0.2",
      "resolved": "https://registry.npmjs.org/@ag-ui/encoder/-/encoder-1.0.2.tgz",
      "integrity": "sha512-SE8pQ7dpXwtqpD1WzW2Of9h4uZRDPVGZqT7kdrQ17w9+eOxAolqqRybVLBqJTqCZiUNgX0hFUNlAJSOV0z0UDg==",
      "license": "MIT",
      "dependencies": {
        "@ag-ui/core": "1.0.2",
        "@ag-ui/proto": "1.0.2"
      }
    },
    "node_modules/@ag-ui/proto": {
      "version": "1.0.2",
      "resolved": "https://registry.npmjs.org/@ag-ui/proto/-/proto-1.0.2.tgz",
      "integrity": "sha512-uIp6TkQdos03Bkjl01Z46cK/D7QAKNO26RYIIX1WfxNy4penVatU0b/TFTjVrOtwSnp5mtl8Rpzkiiu9cZHwlg==",
      "license": "MIT",
      "dependencies": {
        "@ag-ui/core": "1.0.2",
        "@bufbuild/protobuf": "^2.2.5",
        "@protobuf-ts/protoc": "^2.11.1",
        "zod": "^3.25.76"
      }
    },
    "node_modules/@bufbuild/protobuf": {
      "version": "2.16.0",
      "resolved": "https://registry.npmjs.org/@bufbuild/protobuf/-/protobuf-2.16.0.tgz",
      "integrity": "sha512-FWa0sPlqYGJgpTs6OxBRcL/AW4JT0OIO+W1ajerluoTVh8CV0B7XM1qsNCRgnkSCkRCgOICKHRQlY17jrsm0+Q==",
      "license": "(Apache-2.0 AND BSD-3-Clause)"
    },
    "node_modules/@ioredis/commands": {
      "version": "1.5.0",
      "resolved": "https://registry.npmjs.org/@ioredis/commands/-/commands-1.5.0.tgz",
      "integrity": "sha512-eUgLqrMf8nJkZxT24JvVRrQya1vZkQh8BBeYNwGDqa5I0VUi8ACx7uFvAaLxintokpTenkK6DASvo/bvNbBGow==",
      "license": "MIT"
    },
    "node_modules/@protobuf-ts/protoc": {
      "version": "2.11.1",
      "resolved": "https://registry.npmjs.org/@protobuf-ts/protoc/-/protoc-2.11.1.tgz",
      "integrity": "sha512-mUZJaV0daGO6HUX90o/atzQ6A7bbN2RSuHtdwo8SSF2Qoe3zHwa4IHyCN1evftTeHfLmdz+45qo47sL+5P8nyg==",
      "license": "Apache-2.0",
      "bin": {
        "protoc": "protoc.js"
      }
    },
    "node_modules/@types/uuid": {
      "version": "10.0.0",
      "resolved": "https://registry.npmjs.org/@types/uuid/-/uuid-10.0.0.tgz",
      "integrity": "sha512-7gqG38EyHgyP1S+7+xomFtL+ZNHcKv6DwNaCZmJmo1vgMugyF3TCnXVg4t1uk89mLNwnLtnY3TpOpCOyp1/xHQ==",
      "license": "MIT"
    },
    "node_modules/cluster-key-slot": {
      "version": "1.1.2",
      "resolved": "https://registry.npmjs.org/cluster-key-slot/-/cluster-key-slot-1.1.2.tgz",
      "integrity": "sha512-RMr0FhtfXemyinomL4hrWcYJxmX6deFdCxpJzhDttxgO1+bcCnkk+9drydLVDmAMG7NE6aN/fl4F7ucU/90gAA==",
      "license": "Apache-2.0",
      "engines": {
        "node": ">=0.10.0"
      }
    },
    "node_modules/compare-versions": {
      "version": "6.1.1",
      "resolved": "https://registry.npmjs.org/compare-versions/-/compare-versions-6.1.1.tgz",
      "integrity": "sha512-4hm4VPpIecmlg59CHXnRDnqGplJFrbLG4aFEl5vl6cK1u76ws3LLvX7ikFnTDl5vo39sjWD6AaDPYodJp/NNHg==",
      "license": "MIT"
    },
    "node_modules/debug": {
      "version": "4.4.3",
      "resolved": "https://registry.npmjs.org/debug/-/debug-4.4.3.tgz",
      "integrity": "sha512-RGwwWnwQvkVfavKVt22FGLw+xYSdzARwm0ru6DhTVA3umU5hZc28V3kO4stgYryrTlLpuvgI9GiijltAjNbcqA==",
      "license": "MIT",
      "dependencies": {
        "ms": "^2.1.3"
      },
      "engines": {
        "node": ">=6.0"
      },
      "peerDependenciesMeta": {
        "supports-color": {
          "optional": true
        }
      }
    },
    "node_modules/denque": {
      "version": "2.1.0",
      "resolved": "https://registry.npmjs.org/denque/-/denque-2.1.0.tgz",
      "integrity": "sha512-HVQE3AAb/pxF8fQAoiqpvg9i3evqug3hoiwakOyZAwJm+6vZehbkYXZ0l4JxS+I3QxM97v5aaRNhj8v5oBhekw==",
      "license": "Apache-2.0",
      "engines": {
        "node": ">=0.10"
      }
    },
    "node_modules/fast-json-patch": {
      "version": "3.1.1",
      "resolved": "https://registry.npmjs.org/fast-json-patch/-/fast-json-patch-3.1.1.tgz",
      "integrity": "sha512-vf6IHUX2SBcA+5/+4883dsIjpBTqmfBjmYiWK1savxQmFk4JfBMLa7ynTYOs1Rolp/T1betJxHiGD3g1Mn8lUQ==",
      "license": "MIT"
    },
    "node_modules/ioredis": {
      "version": "5.9.3",
      "resolved": "https://registry.npmjs.org/ioredis/-/ioredis-5.9.3.tgz",
      "integrity": "sha512-VI5tMCdeoxZWU5vjHWsiE/Su76JGhBvWF1MJnV9ZtGltHk9BmD48oDq8Tj8haZ85aceXZMxLNDQZRVo5QKNgXA==",
      "license": "MIT",
      "dependencies": {
        "@ioredis/commands": "1.5.0",
        "cluster-key-slot": "^1.1.0",
        "debug": "^4.3.4",
        "denque": "^2.1.0",
        "lodash.defaults": "^4.2.0",
        "lodash.isarguments": "^3.1.0",
        "redis-errors": "^1.2.0",
        "redis-parser": "^3.0.0",
        "standard-as-callback": "^2.1.0"
      },
      "engines": {
        "node": ">=12.22.0"
      },
      "funding": {
        "type": "opencollective",
        "url": "https://opencollective.com/ioredis"
      }
    },
    "node_modules/lodash.defaults": {
      "version": "4.2.0",
      "resolved": "https://registry.npmjs.org/lodash.defaults/-/lodash.defaults-4.2.0.tgz",
      "integrity": "sha512-qjxPLHd3r5DnsdGacqOMU6pb/avJzdh9tFX2ymgoZE27BmjXrNy/y4LoaiTeAb+O3gL8AfpJGtqfX/ae2leYYQ==",
      "license": "MIT"
    },
    "node_modules/lodash.isarguments": {
      "version": "3.1.0",
      "resolved": "https://registry.npmjs.org/lodash.isarguments/-/lodash.isarguments-3.1.0.tgz",
      "integrity": "sha512-chi4NHZlZqZD18a0imDHnZPrDeBbTtVN7GXMwuGdRH9qotxAjYs3aVLKc7zNOG9eddR5Ksd8rvFEBc9SsggPpg==",
      "license": "MIT"
    },
    "node_modules/ms": {
      "version": "2.1.3",
      "resolved": "https://registry.npmjs.org/ms/-/ms-2.1.3.tgz",
      "integrity": "sha512-6FlzubTLZG3J2a/NVCAleEhjzq5oxgHyaCU9yYXvcLsvoVaHJq/s5xXI6/XXP6tz7R9xAOtHnSO/tXtF3WRTlA==",
      "license": "MIT"
    },
    "node_modules/pg": {
      "version": "8.18.0",
      "resolved": "https://registry.npmjs.org/pg/-/pg-8.18.0.tgz",
      "integrity": "sha512-xqrUDL1b9MbkydY/s+VZ6v+xiMUmOUk7SS9d/1kpyQxoJ6U9AO1oIJyUWVZojbfe5Cc/oluutcgFG4L9RDP1iQ==",
      "license": "MIT",
      "dependencies": {
        "pg-connection-string": "^2.11.0",
        "pg-pool": "^3.11.0",
        "pg-protocol": "^1.11.0",
        "pg-types": "2.2.0",
        "pgpass": "1.0.5"
      },
      "engines": {
        "node": ">= 16.0.0"
      },
      "optionalDependencies": {
        "pg-cloudflare": "^1.3.0"
      },
      "peerDependencies": {
        "pg-native": ">=3.0.1"
      },
      "peerDependenciesMeta": {
        "pg-native": {
          "optional": true
        }
      }
    },
    "node_modules/pg-cloudflare": {
      "version": "1.4.1",
      "resolved": "https://registry.npmjs.org/pg-cloudflare/-/pg-cloudflare-1.4.1.tgz",
      "integrity": "sha512-6PQbsFWZcp9EmJEwy5cGQ2La+AMWpP46lgbb8X+U/XsHIUweYDNCpeuKck5RxL2MdVFi7krbbEi5nX4Zh7JhrQ==",
      "license": "MIT",
      "optional": true
    },
    "node_modules/pg-connection-string": {
      "version": "2.14.1",
      "resolved": "https://registry.npmjs.org/pg-connection-string/-/pg-connection-string-2.14.1.tgz",
      "integrity": "sha512-qR3kGNPBLpCNtz0evbKA0Y/MRFXwSSdT+pTJvYp/bXTcReZbvX1kzF0IyTc1QnxqF7AZbOeBhNL8R5mYQZV/MA==",
      "license": "MIT"
    },
    "node_modules/pg-int8": {
      "version": "1.0.1",
      "resolved": "https://registry.npmjs.org/pg-int8/-/pg-int8-1.0.1.tgz",
      "integrity": "sha512-WCtabS6t3c8SkpDBUlb1kjOs7l66xsGdKpIPZsg4wR+B3+u9UAum2odSsF9tnvxg80h4ZxLWMy4pRjOsFIqQpw==",
      "license": "ISC",
      "engines": {
        "node": ">=4.0.0"
      }
    },
    "node_modules/pg-pool": {
      "version": "3.14.0",
      "resolved": "https://registry.npmjs.org/pg-pool/-/pg-pool-3.14.0.tgz",
      "integrity": "sha512-gKtPkFdQPU3DksooVLi9LsjZxrsBUZIpa+7aVx+LV5pNh0KzP4Zleud2po+ConrxbuXGBJ6Hfer6hdgpIBpBaw==",
      "license": "MIT",
      "peerDependencies": {
        "pg": ">=8.0"
      }
    },
    "node_modules/pg-protocol": {
      "version": "1.16.1",
      "resolved": "https://registry.npmjs.org/pg-protocol/-/pg-protocol-1.16.1.tgz",
      "integrity": "sha512-p9VOFMiHB/ZbJATetbg+99PxssTVSQRnyuPSQ67mN1+1KBOjZaZ83ZQzltnxPhJwSsC3nwVjJ10DVJlerbFzLg==",
      "license": "MIT"
    },
    "node_modules/pg-types": {
      "version": "2.2.0",
      "resolved": "https://registry.npmjs.org/pg-types/-/pg-types-2.2.0.tgz",
      "integrity": "sha512-qTAAlrEsl8s4OiEQY69wDvcMIdQN6wdz5ojQiOy6YRMuynxenON0O5oCpJI6lshc6scgAY8qvJ2On/p+CXY0GA==",
      "license": "MIT",
      "dependencies": {
        "pg-int8": "1.0.1",
        "postgres-array": "~2.0.0",
        "postgres-bytea": "~1.0.0",
        "postgres-date": "~1.0.4",
        "postgres-interval": "^1.1.0"
      },
      "engines": {
        "node": ">=4"
      }
    },
    "node_modules/pgpass": {
      "version": "1.0.5",
      "resolved": "https://registry.npmjs.org/pgpass/-/pgpass-1.0.5.tgz",
      "integrity": "sha512-FdW9r/jQZhSeohs1Z3sI1yxFQNFvMcnmfuj4WBMUTxOrAyLMaTcE1aAMBiTlbMNaXvBCQuVi0R7hd8udDSP7ug==",
      "license": "MIT",
      "dependencies": {
        "split2": "^4.1.0"
      }
    },
    "node_modules/playwright": {
      "version": "1.63.0",
      "resolved": "https://registry.npmjs.org/playwright/-/playwright-1.63.0.tgz",
      "integrity": "sha512-+7ziBLidS4NaNCdt57SUDT+wYmmd5fmiQejUic/kb+YsYSCPyOOE9sebzMjNmQrsnNpDJqd4WHvV/8lfKfUDUg==",
      "license": "Apache-2.0",
      "dependencies": {
        "playwright-core": "1.63.0"
      },
      "bin": {
        "playwright": "cli.js"
      },
      "engines": {
        "node": ">=20"
      }
    },
    "node_modules/playwright-core": {
      "version": "1.63.0",
      "resolved": "https://registry.npmjs.org/playwright-core/-/playwright-core-1.63.0.tgz",
      "integrity": "sha512-rYCsBF/M5HjUch52bbtVONEFjv6Xu8sm8h72dNlR5bzIE1fvC/bxgspzkjSfU+MweEMmPM8KJebG6nnyxo5mCg==",
      "license": "Apache-2.0",
      "bin": {
        "playwright-core": "cli.js"
      },
      "engines": {
        "node": ">=20"
      }
    },
    "node_modules/postgres-array": {
      "version": "2.0.0",
      "resolved": "https://registry.npmjs.org/postgres-array/-/postgres-array-2.0.0.tgz",
      "integrity": "sha512-VpZrUqU5A69eQyW2c5CA1jtLecCsN2U/bD6VilrFDWq5+5UIEVO7nazS3TEcHf1zuPYO/sqGvUvW62g86RXZuA==",
      "license": "MIT",
      "engines": {
        "node": ">=4"
      }
    },
    "node_modules/postgres-bytea": {
      "version": "1.0.1",
      "resolved": "https://registry.npmjs.org/postgres-bytea/-/postgres-bytea-1.0.1.tgz",
      "integrity": "sha512-5+5HqXnsZPE65IJZSMkZtURARZelel2oXUEO8rH83VS/hxH5vv1uHquPg5wZs8yMAfdv971IU+kcPUczi7NVBQ==",
      "license": "MIT",
      "engines": {
        "node": ">=0.10.0"
      }
    },
    "node_modules/postgres-date": {
      "version": "1.0.7",
      "resolved": "https://registry.npmjs.org/postgres-date/-/postgres-date-1.0.7.tgz",
      "integrity": "sha512-suDmjLVQg78nMK2UZ454hAG+OAW+HQPZ6n++TNDUX+L0+uUlLywnoxJKDou51Zm+zTCjrCl0Nq6J9C5hP9vK/Q==",
      "license": "MIT",
      "engines": {
        "node": ">=0.10.0"
      }
    },
    "node_modules/postgres-interval": {
      "version": "1.2.0",
      "resolved": "https://registry.npmjs.org/postgres-interval/-/postgres-interval-1.2.0.tgz",
      "integrity": "sha512-9ZhXKM/rw350N1ovuWHbGxnGh/SNJ4cnxHiM0rxE4VN41wsg8P8zWn9hv/buK00RP4WvlOyr/RBDiptyxVbkZQ==",
      "license": "MIT",
      "dependencies": {
        "xtend": "^4.0.0"
      },
      "engines": {
        "node": ">=0.10.0"
      }
    },
    "node_modules/redis-errors": {
      "version": "1.2.0",
      "resolved": "https://registry.npmjs.org/redis-errors/-/redis-errors-1.2.0.tgz",
      "integrity": "sha512-1qny3OExCf0UvUV/5wpYKf2YwPcOqXzkwKKSmKHiE6ZMQs5heeE/c8eXK+PNllPvmjgAbfnsbpkGZWy8cBpn9w==",
      "license": "MIT",
      "engines": {
        "node": ">=4"
      }
    },
    "node_modules/redis-parser": {
      "version": "3.0.0",
      "resolved": "https://registry.npmjs.org/redis-parser/-/redis-parser-3.0.0.tgz",
      "integrity": "sha512-DJnGAeenTdpMEH6uAJRK/uiyEIH9WVsUmoLwzudwGJUwZPp80PDBWPHXSAGNPwNvIXAbe7MSUB1zQFugFml66A==",
      "license": "MIT",
      "dependencies": {
        "redis-errors": "^1.0.0"
      },
      "engines": {
        "node": ">=4"
      }
    },
    "node_modules/rxjs": {
      "version": "7.8.1",
      "resolved": "https://registry.npmjs.org/rxjs/-/rxjs-7.8.1.tgz",
      "integrity": "sha512-AA3TVj+0A2iuIoQkWEK/tqFjBq2j+6PO6Y0zJcvzLAFhEFIO3HL0vls9hWLncZbAAbK0mar7oZ4V079I/qPMxg==",
      "license": "Apache-2.0",
      "dependencies": {
        "tslib": "^2.1.0"
      }
    },
    "node_modules/split2": {
      "version": "4.2.0",
      "resolved": "https://registry.npmjs.org/split2/-/split2-4.2.0.tgz",
      "integrity": "sha512-UcjcJOWknrNkF6PLX83qcHM6KHgVKNkV62Y8a5uYDVv9ydGQVwAHMKqHdJje1VTWpljG0WYpCDhrCdAOYH4TWg==",
      "license": "ISC",
      "engines": {
        "node": ">= 10.x"
      }
    },
    "node_modules/standard-as-callback": {
      "version": "2.1.0",
      "resolved": "https://registry.npmjs.org/standard-as-callback/-/standard-as-callback-2.1.0.tgz",
      "integrity": "sha512-qoRRSyROncaz1z0mvYqIE4lCd9p2R90i6GxW3uZv5ucSu8tU7B5HXUP1gG8pVZsYNVaXjk8ClXHPttLyxAL48A==",
      "license": "MIT"
    },
    "node_modules/tslib": {
      "version": "2.8.1",
      "resolved": "https://registry.npmjs.org/tslib/-/tslib-2.8.1.tgz",
      "integrity": "sha512-oJFu94HQb+KVduSUQL7wnpmqnfmLsOA/nAh6b6EH0wCEoK0/mPeXU6c3wKDV83MkOuHPRHtSXKKU99IBazS/2w==",
      "license": "0BSD"
    },
    "node_modules/untruncate-json": {
      "version": "0.0.1",
      "resolved": "https://registry.npmjs.org/untruncate-json/-/untruncate-json-0.0.1.tgz",
      "integrity": "sha512-4W9enDK4X1y1s2S/Rz7ysw6kDuMS3VmRjMFg7GZrNO+98OSe+x5Lh7PKYoVjy3lW/1wmhs6HW0lusnQRHgMarA==",
      "license": "MIT"
    },
    "node_modules/uuid": {
      "version": "11.1.1",
      "resolved": "https://registry.npmjs.org/uuid/-/uuid-11.1.1.tgz",
      "integrity": "sha512-vIYxrBCC/N/K+Js3qSN88go7kIfNPssr/hHCesKCQNAjmgvYS2oqr69kIufEG+O4+PfezOH4EbIeHCfFov8ZgQ==",
      "funding": [
        "https://github.com/sponsors/broofa",
        "https://github.com/sponsors/ctavan"
      ],
      "license": "MIT",
      "bin": {
        "uuid": "dist/esm/bin/uuid"
      }
    },
    "node_modules/xtend": {
      "version": "4.0.2",
      "resolved": "https://registry.npmjs.org/xtend/-/xtend-4.0.2.tgz",
      "integrity": "sha512-LKYU1iAXJXUgAXn9URjiu+MWhyUXHsvfp7mcuYm9dSUKK0/CjtrUwFAxD82/mCWbtLsGjFIad0wIsod4zrTAEQ==",
      "license": "MIT",
      "engines": {
        "node": ">=0.4"
      }
    },
    "node_modules/zod": {
      "version": "3.25.76",
      "resolved": "https://registry.npmjs.org/zod/-/zod-3.25.76.tgz",
      "integrity": "sha512-gzUt/qt81nXsFGKIFcC3YnfEAx5NkunCfnDlvuBSSFS02bcXu4Lmea0AFIUwbLWxWPx3d9p8S5QoaujKcNQxcQ==",
      "license": "MIT",
      "funding": {
        "url": "https://github.com/sponsors/colinhacks"
      }
    }
  }
}
