PATH
  remote: ../..
  specs:
    copilotkit-runtime (0.1.0)
      base64 (~> 0.2)
      websocket (~> 1.2)

GEM
  remote: https://rubygems.org/
  specs:
    actioncable (7.1.5.2)
      actionpack (= 7.1.5.2)
      activesupport (= 7.1.5.2)
      nio4r (~> 2.0)
      websocket-driver (>= 0.6.1)
      zeitwerk (~> 2.6)
    actionmailbox (7.1.5.2)
      actionpack (= 7.1.5.2)
      activejob (= 7.1.5.2)
      activerecord (= 7.1.5.2)
      activestorage (= 7.1.5.2)
      activesupport (= 7.1.5.2)
      mail (>= 2.7.1)
      net-imap
      net-pop
      net-smtp
    actionmailer (7.1.5.2)
      actionpack (= 7.1.5.2)
      actionview (= 7.1.5.2)
      activejob (= 7.1.5.2)
      activesupport (= 7.1.5.2)
      mail (~> 2.5, >= 2.5.4)
      net-imap
      net-pop
      net-smtp
      rails-dom-testing (~> 2.2)
    actionpack (7.1.5.2)
      actionview (= 7.1.5.2)
      activesupport (= 7.1.5.2)
      nokogiri (>= 1.8.5)
      racc
      rack (>= 2.2.4)
      rack-session (>= 1.0.1)
      rack-test (>= 0.6.3)
      rails-dom-testing (~> 2.2)
      rails-html-sanitizer (~> 1.6)
    actiontext (7.1.5.2)
      actionpack (= 7.1.5.2)
      activerecord (= 7.1.5.2)
      activestorage (= 7.1.5.2)
      activesupport (= 7.1.5.2)
      globalid (>= 0.6.0)
      nokogiri (>= 1.8.5)
    actionview (7.1.5.2)
      activesupport (= 7.1.5.2)
      builder (~> 3.1)
      erubi (~> 1.11)
      rails-dom-testing (~> 2.2)
      rails-html-sanitizer (~> 1.6)
    activejob (7.1.5.2)
      activesupport (= 7.1.5.2)
      globalid (>= 0.3.6)
    activemodel (7.1.5.2)
      activesupport (= 7.1.5.2)
    activerecord (7.1.5.2)
      activemodel (= 7.1.5.2)
      activesupport (= 7.1.5.2)
      timeout (>= 0.4.0)
    activestorage (7.1.5.2)
      actionpack (= 7.1.5.2)
      activejob (= 7.1.5.2)
      activerecord (= 7.1.5.2)
      activesupport (= 7.1.5.2)
      marcel (~> 1.0)
    activesupport (7.1.5.2)
      base64
      benchmark (>= 0.3)
      bigdecimal
      concurrent-ruby (~> 1.0, >= 1.0.2)
      connection_pool (>= 2.2.5)
      drb
      i18n (>= 1.6, < 2)
      logger (>= 1.4.2)
      minitest (>= 5.1)
      mutex_m
      securerandom (>= 0.3)
      tzinfo (~> 2.0)
    base64 (0.3.0)
    benchmark (0.5.0)
    bigdecimal (4.1.2)
    builder (3.3.0)
    cgi (0.5.2)
    concurrent-ruby (1.3.8)
    connection_pool (2.5.5)
    crass (1.0.7)
    date (3.5.1)
    drb (2.2.3)
    erb (4.0.4.1)
      cgi (>= 0.3.3)
    erubi (1.13.1)
    globalid (1.4.0)
      activesupport (>= 6.1)
    i18n (1.14.8)
      concurrent-ruby (~> 1.0)
    io-console (0.9.2)
    irb (1.18.0)
      pp (>= 0.6.0)
      prism (>= 1.3.0)
      rdoc (>= 4.0.0)
      reline (>= 0.4.2)
    logger (1.7.0)
    loofah (2.25.2)
      crass (~> 1.0.2)
      nokogiri (>= 1.12.0)
    mail (2.9.1)
      logger
      mini_mime (>= 0.1.1)
      net-imap
      net-pop
      net-smtp
    marcel (1.2.1)
    mini_mime (1.1.5)
    mini_portile2 (2.8.9)
    minitest (5.26.1)
    mutex_m (0.3.0)
    net-imap (0.4.25)
      date
      net-protocol
    net-pop (0.1.2)
      net-protocol
    net-protocol (0.3.0)
      timeout
    net-smtp (0.5.1)
      net-protocol
    nio4r (2.7.5)
    nokogiri (1.15.7)
      mini_portile2 (~> 2.8.2)
      racc (~> 1.4)
    pp (0.6.4)
      prettyprint
    prettyprint (0.2.0)
    prism (1.9.0)
    psych (5.5.0)
      date
      stringio
    racc (1.8.1)
    rack (3.2.7)
    rack-session (2.1.2)
      base64 (>= 0.1.0)
      rack (>= 3.0.0)
    rack-test (2.2.0)
      rack (>= 1.3)
    rackup (2.3.1)
      rack (>= 3)
    rails (7.1.5.2)
      actioncable (= 7.1.5.2)
      actionmailbox (= 7.1.5.2)
      actionmailer (= 7.1.5.2)
      actionpack (= 7.1.5.2)
      actiontext (= 7.1.5.2)
      actionview (= 7.1.5.2)
      activejob (= 7.1.5.2)
      activemodel (= 7.1.5.2)
      activerecord (= 7.1.5.2)
      activestorage (= 7.1.5.2)
      activesupport (= 7.1.5.2)
      bundler (>= 1.15.0)
      railties (= 7.1.5.2)
    rails-dom-testing (2.3.0)
      activesupport (>= 5.0.0)
      minitest
      nokogiri (>= 1.6)
    rails-html-sanitizer (1.7.1)
      loofah (~> 2.25, >= 2.25.2)
      nokogiri (>= 1.15.7, != 1.16.7, != 1.16.6, != 1.16.5, != 1.16.4, != 1.16.3, != 1.16.2, != 1.16.1, != 1.16.0.rc1, != 1.16.0)
    railties (7.1.5.2)
      actionpack (= 7.1.5.2)
      activesupport (= 7.1.5.2)
      irb
      rackup (>= 1.0.0)
      rake (>= 12.2)
      thor (~> 1.0, >= 1.2.2)
      zeitwerk (~> 2.6)
    rake (13.4.2)
    rdoc (7.2.0)
      erb
      psych (>= 4.0.0)
      tsort
    reline (0.7.0)
      io-console (~> 0.5)
    securerandom (0.3.2)
    stringio (3.2.0)
    thor (1.5.0)
    timeout (0.6.1)
    tsort (0.2.0)
    tzinfo (2.0.6)
      concurrent-ruby (~> 1.0)
    webrick (1.9.2)
    websocket (1.2.11)
    websocket-driver (0.8.2)
      base64
      websocket-extensions (>= 0.1.0)
    websocket-extensions (0.1.5)
    zeitwerk (2.6.18)

PLATFORMS
  arm64-darwin-23
  arm64-darwin-25

DEPENDENCIES
  copilotkit-runtime!
  rails (= 7.1.5.2)
  webrick (~> 1.8)

BUNDLED WITH
   2.4.22
