lockfileVersion: '9.0'

settings:
  autoInstallPeers: true
  excludeLinksFromLockfile: false

importers:

  .:
    devDependencies:
      '@octokit/auth-app':
        specifier: ^7.1.4
        version: 7.1.4
      '@playwright/test':
        specifier: ^1.48.2
        version: 1.48.2
      '@types/json2md':
        specifier: ^1.5.4
        version: 1.5.4
      '@types/node':
        specifier: ^22.8.4
        version: 22.8.4
      dotenv:
        specifier: ^16.4.5
        version: 16.4.5
      json2md:
        specifier: ^2.0.1
        version: 2.0.1
      octokit:
        specifier: ^4.1.0
        version: 4.1.0
      ts-node:
        specifier: ^10.9.2
        version: 10.9.2(@types/node@22.8.4)(typescript@5.7.3)

packages:

  '@cspotcode/source-map-support@0.8.1':
    resolution: {integrity: sha512-IchNf6dN4tHoMFIn/7OE8LWZ19Y6q/67Bmf6vnGREv8RSbBVb9LPJxEcnwrcwX6ixSvaiGoomAUvu4YSxXrVgw==}
    engines: {node: '>=12'}

  '@jridgewell/resolve-uri@3.1.2':
    resolution: {integrity: sha512-bRISgCIjP20/tbWSPWMEi54QVPRZExkuD9lJL+UIxUKtwVJA8wW1Trb1jMs1RFXo1CBTNZ/5hpC9QvmKWdopKw==}
    engines: {node: '>=6.0.0'}

  '@jridgewell/sourcemap-codec@1.5.0':
    resolution: {integrity: sha512-gv3ZRaISU3fjPAgNsriBRqGWQL6quFx04YMPW/zD8XMLsU32mhCCbfbO6KZFLjvYpCZ8zyDEgqsgf+PwPaM7GQ==}

  '@jridgewell/trace-mapping@0.3.9':
    resolution: {integrity: sha512-3Belt6tdc8bPgAtbcmdtNJlirVoTmEb5e2gC94PnkwEW9jI6CAHUeoG85tjWP5WquqfavoMtMwiG4P926ZKKuQ==}

  '@octokit/app@15.1.2':
    resolution: {integrity: sha512-6aKmKvqnJKoVK+kx0mLlBMKmQYoziPw4Rd/PWr0j65QVQlrDXlu6hGU8fmTXt7tNkf/DsubdIaTT4fkoWzCh5g==}
    engines: {node: '>= 18'}

  '@octokit/auth-app@7.1.4':
    resolution: {integrity: sha512-5F+3l/maq9JfWQ4bV28jT2G/K8eu9OJ317yzXPTGe4Kw+lKDhFaS4dQ3Ltmb6xImKxfCQdqDqMXODhc9YLipLw==}
    engines: {node: '>= 18'}

  '@octokit/auth-oauth-app@8.1.2':
    resolution: {integrity: sha512-3woNZgq5/S6RS+9ZTq+JdymxVr7E0s4EYxF20ugQvgX3pomdPUL5r/XdTY9wALoBM2eHVy4ettr5fKpatyTyHw==}
    engines: {node: '>= 18'}

  '@octokit/auth-oauth-device@7.1.2':
    resolution: {integrity: sha512-gTOIzDeV36OhVfxCl69FmvJix7tJIiU6dlxuzLVAzle7fYfO8UDyddr9B+o4CFQVaMBLMGZ9ak2CWMYcGeZnPw==}
    engines: {node: '>= 18'}

  '@octokit/auth-oauth-user@5.1.2':
    resolution: {integrity: sha512-PgVDDPJgZYb3qSEXK4moksA23tfn68zwSAsQKZ1uH6IV9IaNEYx35OXXI80STQaLYnmEE86AgU0tC1YkM4WjsA==}
    engines: {node: '>= 18'}

  '@octokit/auth-token@5.1.1':
    resolution: {integrity: sha512-rh3G3wDO8J9wSjfI436JUKzHIxq8NaiL0tVeB2aXmG6p/9859aUOAjA9pmSPNGGZxfwmaJ9ozOJImuNVJdpvbA==}
    engines: {node: '>= 18'}

  '@octokit/auth-unauthenticated@6.1.1':
    resolution: {integrity: sha512-bGXqdN6RhSFHvpPq46SL8sN+F3odQ6oMNLWc875IgoqcC3qus+fOL2th6Tkl94wvdSTy8/OeHzWy/lZebmnhog==}
    engines: {node: '>= 18'}

  '@octokit/core@6.1.3':
    resolution: {integrity: sha512-z+j7DixNnfpdToYsOutStDgeRzJSMnbj8T1C/oQjB6Aa+kRfNjs/Fn7W6c8bmlt6mfy3FkgeKBRnDjxQow5dow==}
    engines: {node: '>= 18'}

  '@octokit/endpoint@10.1.2':
    resolution: {integrity: sha512-XybpFv9Ms4hX5OCHMZqyODYqGTZ3H6K6Vva+M9LR7ib/xr1y1ZnlChYv9H680y77Vd/i/k+thXApeRASBQkzhA==}
    engines: {node: '>= 18'}

  '@octokit/graphql@8.1.2':
    resolution: {integrity: sha512-bdlj/CJVjpaz06NBpfHhp4kGJaRZfz7AzC+6EwUImRtrwIw8dIgJ63Xg0OzV9pRn3rIzrt5c2sa++BL0JJ8GLw==}
    engines: {node: '>= 18'}

  '@octokit/oauth-app@7.1.5':
    resolution: {integrity: sha512-/Y2MiwWDlGUK4blKKfjJiwjzu/FzwKTTTfTZAAQ0QbdBIDEGJPWhOFH6muSN86zaa4tNheB4YS3oWIR2e4ydzA==}
    engines: {node: '>= 18'}

  '@octokit/oauth-authorization-url@7.1.1':
    resolution: {integrity: sha512-ooXV8GBSabSWyhLUowlMIVd9l1s2nsOGQdlP2SQ4LnkEsGXzeCvbSbCPdZThXhEFzleGPwbapT0Sb+YhXRyjCA==}
    engines: {node: '>= 18'}

  '@octokit/oauth-methods@5.1.3':
    resolution: {integrity: sha512-M+bDBi5H8FnH0xhCTg0m9hvcnppdDnxUqbZyOkxlLblKpLAR+eT2nbDPvJDp0eLrvJWA1I8OX0KHf/sBMQARRA==}
    engines: {node: '>= 18'}

  '@octokit/openapi-types@23.0.1':
    resolution: {integrity: sha512-izFjMJ1sir0jn0ldEKhZ7xegCTj/ObmEDlEfpFrx4k/JyZSMRHbO3/rBwgE7f3m2DHt+RrNGIVw4wSmwnm3t/g==}

  '@octokit/openapi-webhooks-types@8.5.1':
    resolution: {integrity: sha512-i3h1b5zpGSB39ffBbYdSGuAd0NhBAwPyA3QV3LYi/lx4lsbZiu7u2UHgXVUR6EpvOI8REOuVh1DZTRfHoJDvuQ==}

  '@octokit/plugin-paginate-graphql@5.2.4':
    resolution: {integrity: sha512-pLZES1jWaOynXKHOqdnwZ5ULeVR6tVVCMm+AUbp0htdcyXDU95WbkYdU4R2ej1wKj5Tu94Mee2Ne0PjPO9cCyA==}
    engines: {node: '>= 18'}
    peerDependencies:
      '@octokit/core': '>=6'

  '@octokit/plugin-paginate-rest@11.4.0':
    resolution: {integrity: sha512-ttpGck5AYWkwMkMazNCZMqxKqIq1fJBNxBfsFwwfyYKTf914jKkLF0POMS3YkPBwp5g1c2Y4L79gDz01GhSr1g==}
    engines: {node: '>= 18'}
    peerDependencies:
      '@octokit/core': '>=6'

  '@octokit/plugin-rest-endpoint-methods@13.3.0':
    resolution: {integrity: sha512-LUm44shlmkp/6VC+qQgHl3W5vzUP99ZM54zH6BuqkJK4DqfFLhegANd+fM4YRLapTvPm4049iG7F3haANKMYvQ==}
    engines: {node: '>= 18'}
    peerDependencies:
      '@octokit/core': '>=6'

  '@octokit/plugin-retry@7.1.3':
    resolution: {integrity: sha512-8nKOXvYWnzv89gSyIvgFHmCBAxfQAOPRlkacUHL9r5oWtp5Whxl8Skb2n3ACZd+X6cYijD6uvmrQuPH/UCL5zQ==}
    engines: {node: '>= 18'}
    peerDependencies:
      '@octokit/core': '>=6'

  '@octokit/plugin-throttling@9.4.0':
    resolution: {integrity: sha512-IOlXxXhZA4Z3m0EEYtrrACkuHiArHLZ3CvqWwOez/pURNqRuwfoFlTPbN5Muf28pzFuztxPyiUiNwz8KctdZaQ==}
    engines: {node: '>= 18'}
    peerDependencies:
      '@octokit/core': ^6.1.3

  '@octokit/request-error@6.1.6':
    resolution: {integrity: sha512-pqnVKYo/at0NuOjinrgcQYpEbv4snvP3bKMRqHaD9kIsk9u1LCpb2smHZi8/qJfgeNqLo5hNW4Z7FezNdEo0xg==}
    engines: {node: '>= 18'}

  '@octokit/request@9.1.4':
    resolution: {integrity: sha512-tMbOwGm6wDII6vygP3wUVqFTw3Aoo0FnVQyhihh8vVq12uO3P+vQZeo2CKMpWtPSogpACD0yyZAlVlQnjW71DA==}
    engines: {node: '>= 18'}

  '@octokit/types@13.7.0':
    resolution: {integrity: sha512-BXfRP+3P3IN6fd4uF3SniaHKOO4UXWBfkdR3vA8mIvaoO/wLjGN5qivUtW0QRitBHHMcfC41SLhNVYIZZE+wkA==}

  '@octokit/webhooks-methods@5.1.0':
    resolution: {integrity: sha512-yFZa3UH11VIxYnnoOYCVoJ3q4ChuSOk2IVBBQ0O3xtKX4x9bmKb/1t+Mxixv2iUhzMdOl1qeWJqEhouXXzB3rQ==}
    engines: {node: '>= 18'}

  '@octokit/webhooks@13.4.2':
    resolution: {integrity: sha512-fakbgkCScapQXPxyqx2jZs/Y3jGlyezwUp7ATL7oLAGJ0+SqBKWKstoKZpiQ+REeHutKpYjY9UtxdLSurwl2Tg==}
    engines: {node: '>= 18'}

  '@playwright/test@1.48.2':
    resolution: {integrity: sha512-54w1xCWfXuax7dz4W2M9uw0gDyh+ti/0K/MxcCUxChFh37kkdxPdfZDw5QBbuPUJHr1CiHJ1hXgSs+GgeQc5Zw==}
    engines: {node: '>=18'}
    hasBin: true

  '@tsconfig/node10@1.0.11':
    resolution: {integrity: sha512-DcRjDCujK/kCk/cUe8Xz8ZSpm8mS3mNNpta+jGCA6USEDfktlNvm1+IuZ9eTcDbNk41BHwpHHeW+N1lKCz4zOw==}

  '@tsconfig/node12@1.0.11':
    resolution: {integrity: sha512-cqefuRsh12pWyGsIoBKJA9luFu3mRxCA+ORZvA4ktLSzIuCUtWVxGIuXigEwO5/ywWFMZ2QEGKWvkZG1zDMTag==}

  '@tsconfig/node14@1.0.3':
    resolution: {integrity: sha512-ysT8mhdixWK6Hw3i1V2AeRqZ5WfXg1G43mqoYlM2nc6388Fq5jcXyr5mRsqViLx/GJYdoL0bfXD8nmF+Zn/Iow==}

  '@tsconfig/node16@1.0.4':
    resolution: {integrity: sha512-vxhUy4J8lyeyinH7Azl1pdd43GJhZH/tP2weN8TntQblOY+A0XbT8DJk1/oCPuOOyg/Ja757rG0CgHcWC8OfMA==}

  '@types/aws-lambda@8.10.147':
    resolution: {integrity: sha512-nD0Z9fNIZcxYX5Mai2CTmFD7wX7UldCkW2ezCF8D1T5hdiLsnTWDGRpfRYntU6VjTdLQjOvyszru7I1c1oCQew==}

  '@types/json2md@1.5.4':
    resolution: {integrity: sha512-OFTAYD7Nnyu7FZPGnDwYbGOTKqzDfX71uFSgTbGhcr0aHCi17QkSOY3wO5H4yv5h23Ly+7suvf2lzHcdeDIH2Q==}

  '@types/node@22.8.4':
    resolution: {integrity: sha512-SpNNxkftTJOPk0oN+y2bIqurEXHTA2AOZ3EJDDKeJ5VzkvvORSvmQXGQarcOzWV1ac7DCaPBEdMDxBsM+d8jWw==}

  acorn-walk@8.3.4:
    resolution: {integrity: sha512-ueEepnujpqee2o5aIYnvHU6C0A42MNdsIDeqy5BydrkuC5R1ZuUFnm27EeFJGoEHJQgn3uleRvmTXaJgfXbt4g==}
    engines: {node: '>=0.4.0'}

  acorn@8.14.0:
    resolution: {integrity: sha512-cl669nCJTZBsL97OF4kUQm5g5hC2uihk0NxY3WENAC0TYdILVkAyHymAntgxGkl7K+t0cXIrH5siy5S4XkFycA==}
    engines: {node: '>=0.4.0'}
    hasBin: true

  arg@4.1.3:
    resolution: {integrity: sha512-58S9QDqG0Xx27YwPSt9fJxivjYl432YCwfDMfZ+71RAqUrZef7LrKQZ3LHLOwCS4FLNBplP533Zx895SeOCHvA==}

  before-after-hook@3.0.2:
    resolution: {integrity: sha512-Nik3Sc0ncrMK4UUdXQmAnRtzmNQTAAXmXIopizwZ1W1t8QmfJj+zL4OA2I7XPTPW5z5TDqv4hRo/JzouDJnX3A==}

  bottleneck@2.19.5:
    resolution: {integrity: sha512-VHiNCbI1lKdl44tGrhNfU3lup0Tj/ZBMJB5/2ZbNXRCPuRCO7ed2mgcK4r17y+KB2EfuYuRaVlwNbAeaWGSpbw==}

  create-require@1.1.1:
    resolution: {integrity: sha512-dcKFX3jn0MpIaXjisoRvexIJVEKzaq7z2rZKxf+MSr9TkdmHmsU4m2lcLojrj/FHl8mk5VxMmYA+ftRkP/3oKQ==}

  diff@4.0.2:
    resolution: {integrity: sha512-58lmxKSA4BNyLz+HHMUzlOEpg09FV+ev6ZMe3vJihgdxzgcwZ8VoEEPmALCZG9LmqfVoNMMKpttIYTVG6uDY7A==}
    engines: {node: '>=0.3.1'}

  dotenv@16.4.5:
    resolution: {integrity: sha512-ZmdL2rui+eB2YwhsWzjInR8LldtZHGDoQ1ugH85ppHKwpUHL7j7rN0Ti9NCnGiQbhaZ11FpR+7ao1dNsmduNUg==}
    engines: {node: '>=12'}

  fast-content-type-parse@2.0.1:
    resolution: {integrity: sha512-nGqtvLrj5w0naR6tDPfB4cUmYCqouzyQiz6C5y/LtcDllJdrcc6WaWW6iXyIIOErTa/XRybj28aasdn4LkVk6Q==}

  fsevents@2.3.2:
    resolution: {integrity: sha512-xiqMQR4xAeHTuB9uWm+fFRcIOgKBMiOBP+eXiyT7jsgVCq1bkVygt00oASowB7EdtpOHaaPgKt812P9ab+DDKA==}
    engines: {node: ^8.16.0 || ^10.6.0 || >=11.0.0}
    os: [darwin]

  indento@1.1.13:
    resolution: {integrity: sha512-YZWk3mreBEM7sBPddsiQnW9Z8SGg/gNpFfscJq00HCDS7pxcQWWWMSVKJU7YkTRyDu1Zv2s8zaK8gQWKmCXHlg==}

  json2md@2.0.1:
    resolution: {integrity: sha512-VbwmZ83qmUfKBS2pUOHlzNKEZFPBeJSbzEok3trMYyboZUgdHNn1XZfc1uT8UZs1GHCrmRUBXCfqw4YmmQuOhw==}

  make-error@1.3.6:
    resolution: {integrity: sha512-s8UhlNe7vPKomQhC1qFelMokr/Sc3AgNbso3n74mVPA5LTZwkB9NlXf4XPamLxJE8h0gh73rM94xvwRT2CVInw==}

  octokit@4.1.0:
    resolution: {integrity: sha512-/UrQAOSvkc+lUUWKNzy4ByAgYU9KpFzZQt8DnC962YmQuDiZb1SNJ90YukCCK5aMzKqqCA+z1kkAlmzYvdYKag==}
    engines: {node: '>= 18'}

  playwright-core@1.48.2:
    resolution: {integrity: sha512-sjjw+qrLFlriJo64du+EK0kJgZzoQPsabGF4lBvsid+3CNIZIYLgnMj9V6JY5VhM2Peh20DJWIVpVljLLnlawA==}
    engines: {node: '>=18'}
    hasBin: true

  playwright@1.48.2:
    resolution: {integrity: sha512-NjYvYgp4BPmiwfe31j4gHLa3J7bD2WiBz8Lk2RoSsmX38SVIARZ18VYjxLjAcDsAhA+F4iSEXTSGgjua0rrlgQ==}
    engines: {node: '>=18'}
    hasBin: true

  toad-cache@3.7.0:
    resolution: {integrity: sha512-/m8M+2BJUpoJdgAHoG+baCwBT+tf2VraSfkBgl0Y00qIWt41DJ8R5B8nsEw0I58YwF5IZH6z24/2TobDKnqSWw==}
    engines: {node: '>=12'}

  ts-node@10.9.2:
    resolution: {integrity: sha512-f0FFpIdcHgn8zcPSbf1dRevwt047YMnaiJM3u2w2RewrB+fob/zePZcrOyQoLMMO7aBIddLcQIEK5dYjkLnGrQ==}
    hasBin: true
    peerDependencies:
      '@swc/core': '>=1.2.50'
      '@swc/wasm': '>=1.2.50'
      '@types/node': '*'
      typescript: '>=2.7'
    peerDependenciesMeta:
      '@swc/core':
        optional: true
      '@swc/wasm':
        optional: true

  typescript@5.7.3:
    resolution: {integrity: sha512-84MVSjMEHP+FQRPy3pX9sTVV/INIex71s9TL2Gm5FG/WG1SqXeKyZ0k7/blY/4FdOzI12CBy1vGc4og/eus0fw==}
    engines: {node: '>=14.17'}
    hasBin: true

  undici-types@6.19.8:
    resolution: {integrity: sha512-ve2KP6f/JnbPBFyobGHuerC9g1FYGn/F8n1LWTwNxCEzd6IfqTwUQcNXgEtmmQ6DlRrC1hrSrBnCZPokRrDHjw==}

  universal-github-app-jwt@2.2.0:
    resolution: {integrity: sha512-G5o6f95b5BggDGuUfKDApKaCgNYy2x7OdHY0zSMF081O0EJobw+1130VONhrA7ezGSV2FNOGyM+KQpQZAr9bIQ==}

  universal-user-agent@7.0.2:
    resolution: {integrity: sha512-0JCqzSKnStlRRQfCdowvqy3cy0Dvtlb8xecj/H8JFZuCze4rwjPZQOgvFvn0Ws/usCHQFGpyr+pB9adaGwXn4Q==}

  v8-compile-cache-lib@3.0.1:
    resolution: {integrity: sha512-wa7YjyUGfNZngI/vtK0UHAN+lgDCxBPCylVXGp0zu59Fz5aiGtNXaq3DhIov063MorB+VfufLh3JlF2KdTK3xg==}

  yn@3.1.1:
    resolution: {integrity: sha512-Ux4ygGWsu2c7isFWe8Yu1YluJmqVhxqK2cLXNQA5AcC3QfbGNpM7fu0Y8b/z16pXLnFxZYvWhd3fhBY9DLmC6Q==}
    engines: {node: '>=6'}

snapshots:

  '@cspotcode/source-map-support@0.8.1':
    dependencies:
      '@jridgewell/trace-mapping': 0.3.9

  '@jridgewell/resolve-uri@3.1.2': {}

  '@jridgewell/sourcemap-codec@1.5.0': {}

  '@jridgewell/trace-mapping@0.3.9':
    dependencies:
      '@jridgewell/resolve-uri': 3.1.2
      '@jridgewell/sourcemap-codec': 1.5.0

  '@octokit/app@15.1.2':
    dependencies:
      '@octokit/auth-app': 7.1.4
      '@octokit/auth-unauthenticated': 6.1.1
      '@octokit/core': 6.1.3
      '@octokit/oauth-app': 7.1.5
      '@octokit/plugin-paginate-rest': 11.4.0(@octokit/core@6.1.3)
      '@octokit/types': 13.7.0
      '@octokit/webhooks': 13.4.2

  '@octokit/auth-app@7.1.4':
    dependencies:
      '@octokit/auth-oauth-app': 8.1.2
      '@octokit/auth-oauth-user': 5.1.2
      '@octokit/request': 9.1.4
      '@octokit/request-error': 6.1.6
      '@octokit/types': 13.7.0
      toad-cache: 3.7.0
      universal-github-app-jwt: 2.2.0
      universal-user-agent: 7.0.2

  '@octokit/auth-oauth-app@8.1.2':
    dependencies:
      '@octokit/auth-oauth-device': 7.1.2
      '@octokit/auth-oauth-user': 5.1.2
      '@octokit/request': 9.1.4
      '@octokit/types': 13.7.0
      universal-user-agent: 7.0.2

  '@octokit/auth-oauth-device@7.1.2':
    dependencies:
      '@octokit/oauth-methods': 5.1.3
      '@octokit/request': 9.1.4
      '@octokit/types': 13.7.0
      universal-user-agent: 7.0.2

  '@octokit/auth-oauth-user@5.1.2':
    dependencies:
      '@octokit/auth-oauth-device': 7.1.2
      '@octokit/oauth-methods': 5.1.3
      '@octokit/request': 9.1.4
      '@octokit/types': 13.7.0
      universal-user-agent: 7.0.2

  '@octokit/auth-token@5.1.1': {}

  '@octokit/auth-unauthenticated@6.1.1':
    dependencies:
      '@octokit/request-error': 6.1.6
      '@octokit/types': 13.7.0

  '@octokit/core@6.1.3':
    dependencies:
      '@octokit/auth-token': 5.1.1
      '@octokit/graphql': 8.1.2
      '@octokit/request': 9.1.4
      '@octokit/request-error': 6.1.6
      '@octokit/types': 13.7.0
      before-after-hook: 3.0.2
      universal-user-agent: 7.0.2

  '@octokit/endpoint@10.1.2':
    dependencies:
      '@octokit/types': 13.7.0
      universal-user-agent: 7.0.2

  '@octokit/graphql@8.1.2':
    dependencies:
      '@octokit/request': 9.1.4
      '@octokit/types': 13.7.0
      universal-user-agent: 7.0.2

  '@octokit/oauth-app@7.1.5':
    dependencies:
      '@octokit/auth-oauth-app': 8.1.2
      '@octokit/auth-oauth-user': 5.1.2
      '@octokit/auth-unauthenticated': 6.1.1
      '@octokit/core': 6.1.3
      '@octokit/oauth-authorization-url': 7.1.1
      '@octokit/oauth-methods': 5.1.3
      '@types/aws-lambda': 8.10.147
      universal-user-agent: 7.0.2

  '@octokit/oauth-authorization-url@7.1.1': {}

  '@octokit/oauth-methods@5.1.3':
    dependencies:
      '@octokit/oauth-authorization-url': 7.1.1
      '@octokit/request': 9.1.4
      '@octokit/request-error': 6.1.6
      '@octokit/types': 13.7.0

  '@octokit/openapi-types@23.0.1': {}

  '@octokit/openapi-webhooks-types@8.5.1': {}

  '@octokit/plugin-paginate-graphql@5.2.4(@octokit/core@6.1.3)':
    dependencies:
      '@octokit/core': 6.1.3

  '@octokit/plugin-paginate-rest@11.4.0(@octokit/core@6.1.3)':
    dependencies:
      '@octokit/core': 6.1.3
      '@octokit/types': 13.7.0

  '@octokit/plugin-rest-endpoint-methods@13.3.0(@octokit/core@6.1.3)':
    dependencies:
      '@octokit/core': 6.1.3
      '@octokit/types': 13.7.0

  '@octokit/plugin-retry@7.1.3(@octokit/core@6.1.3)':
    dependencies:
      '@octokit/core': 6.1.3
      '@octokit/request-error': 6.1.6
      '@octokit/types': 13.7.0
      bottleneck: 2.19.5

  '@octokit/plugin-throttling@9.4.0(@octokit/core@6.1.3)':
    dependencies:
      '@octokit/core': 6.1.3
      '@octokit/types': 13.7.0
      bottleneck: 2.19.5

  '@octokit/request-error@6.1.6':
    dependencies:
      '@octokit/types': 13.7.0

  '@octokit/request@9.1.4':
    dependencies:
      '@octokit/endpoint': 10.1.2
      '@octokit/request-error': 6.1.6
      '@octokit/types': 13.7.0
      fast-content-type-parse: 2.0.1
      universal-user-agent: 7.0.2

  '@octokit/types@13.7.0':
    dependencies:
      '@octokit/openapi-types': 23.0.1

  '@octokit/webhooks-methods@5.1.0': {}

  '@octokit/webhooks@13.4.2':
    dependencies:
      '@octokit/openapi-webhooks-types': 8.5.1
      '@octokit/request-error': 6.1.6
      '@octokit/webhooks-methods': 5.1.0

  '@playwright/test@1.48.2':
    dependencies:
      playwright: 1.48.2

  '@tsconfig/node10@1.0.11': {}

  '@tsconfig/node12@1.0.11': {}

  '@tsconfig/node14@1.0.3': {}

  '@tsconfig/node16@1.0.4': {}

  '@types/aws-lambda@8.10.147': {}

  '@types/json2md@1.5.4': {}

  '@types/node@22.8.4':
    dependencies:
      undici-types: 6.19.8

  acorn-walk@8.3.4:
    dependencies:
      acorn: 8.14.0

  acorn@8.14.0: {}

  arg@4.1.3: {}

  before-after-hook@3.0.2: {}

  bottleneck@2.19.5: {}

  create-require@1.1.1: {}

  diff@4.0.2: {}

  dotenv@16.4.5: {}

  fast-content-type-parse@2.0.1: {}

  fsevents@2.3.2:
    optional: true

  indento@1.1.13: {}

  json2md@2.0.1:
    dependencies:
      indento: 1.1.13

  make-error@1.3.6: {}

  octokit@4.1.0:
    dependencies:
      '@octokit/app': 15.1.2
      '@octokit/core': 6.1.3
      '@octokit/oauth-app': 7.1.5
      '@octokit/plugin-paginate-graphql': 5.2.4(@octokit/core@6.1.3)
      '@octokit/plugin-paginate-rest': 11.4.0(@octokit/core@6.1.3)
      '@octokit/plugin-rest-endpoint-methods': 13.3.0(@octokit/core@6.1.3)
      '@octokit/plugin-retry': 7.1.3(@octokit/core@6.1.3)
      '@octokit/plugin-throttling': 9.4.0(@octokit/core@6.1.3)
      '@octokit/request-error': 6.1.6
      '@octokit/types': 13.7.0

  playwright-core@1.48.2: {}

  playwright@1.48.2:
    dependencies:
      playwright-core: 1.48.2
    optionalDependencies:
      fsevents: 2.3.2

  toad-cache@3.7.0: {}

  ts-node@10.9.2(@types/node@22.8.4)(typescript@5.7.3):
    dependencies:
      '@cspotcode/source-map-support': 0.8.1
      '@tsconfig/node10': 1.0.11
      '@tsconfig/node12': 1.0.11
      '@tsconfig/node14': 1.0.3
      '@tsconfig/node16': 1.0.4
      '@types/node': 22.8.4
      acorn: 8.14.0
      acorn-walk: 8.3.4
      arg: 4.1.3
      create-require: 1.1.1
      diff: 4.0.2
      make-error: 1.3.6
      typescript: 5.7.3
      v8-compile-cache-lib: 3.0.1
      yn: 3.1.1

  typescript@5.7.3: {}

  undici-types@6.19.8: {}

  universal-github-app-jwt@2.2.0: {}

  universal-user-agent@7.0.2: {}

  v8-compile-cache-lib@3.0.1: {}

  yn@3.1.1: {}
